PODS:
  - SINQ (0.6.0)
  - SQLite.swift (0.10.1)

DEPENDENCIES:
  - SINQ
  - SQLite.swift (~> 0.10.1)

SPEC CHECKSUMS:
  SINQ: 503dc26fdcbf29be8fb48ebeace911c4268bef5c
  SQLite.swift: 6a6e4b034efc317ce4e203b6af2d3024fee2b570

PODFILE CHECKSUM: 6b34e1441869a8c8e7aacbc7d5eb46fb1b7749b7

COCOAPODS: 1.0.1
