PODS:
  - Alamofire (3.5.0)
  - SQLite.swift (0.10.1):
    - SQLite.swift/standard (= 0.10.1)
  - SQLite.swift/standard (0.10.1)

DEPENDENCIES:
  - Alamofire (~> 3.4)
  - SQLite.swift (from `https://github.com/stephencelis/SQLite.swift.git`)

EXTERNAL SOURCES:
  SQLite.swift:
    :git: https://github.com/stephencelis/SQLite.swift.git

CHECKOUT OPTIONS:
  SQLite.swift:
    :commit: d06ea8147661144cb7bffc598729ea0de6ddf691
    :git: https://github.com/stephencelis/SQLite.swift.git

SPEC CHECKSUMS:
  Alamofire: b70a7352335f8ea5babd0a923eb7e8eacc67b877
  SQLite.swift: 0578a150c39c9a8a0045c80430bb2d1cc586c16c

PODFILE CHECKSUM: cfed1063aad065b5ff4e841ba2815890a78aeb73

COCOAPODS: 1.0.1
