PODS:
  - Alamofire (3.5.0)
  - SQLite.swift (0.10.1):
    - SQLite.swift/standard (= 0.10.1)
  - SQLite.swift/standard (0.10.1)

DEPENDENCIES:
  - Alamofire (~> 3.4)
  - SQLite.swift (from `https://github.com/stephencelis/SQLite.swift.git`)

EXTERNAL SOURCES:
  SQLite.swift:
    :git: https://github.com/stephencelis/SQLite.swift.git

CHECKOUT OPTIONS:
  SQLite.swift:
    :commit: abab39b4925abde7015d6b2507902a6fe3d65967
    :git: https://github.com/stephencelis/SQLite.swift.git

SPEC CHECKSUMS:
  Alamofire: b70a7352335f8ea5babd0a923eb7e8eacc67b877
  SQLite.swift: 0578a150c39c9a8a0045c80430bb2d1cc586c16c

PODFILE CHECKSUM: ea969e379b33416b7847e545e01190e434751039

COCOAPODS: 1.0.1
