// !$*UTF8*$!
{
	archiveVersion = 1;
	classes = {
	};
	objectVersion = 46;
	objects = {

/* Begin PBXBuildFile section */
		618F431B6780E5F69E3BDFBD /* Pods_Tajma.framework in Frameworks */ = {isa = PBXBuildFile; fileRef = 7074C1FC4665BB1B3DC3A07A /* Pods_Tajma.framework */; };
		6B35887E2380ADC900913DE5 /* DistanceHelper.swift in Sources */ = {isa = PBXBuildFile; fileRef = 6B35887D2380ADC900913DE5 /* DistanceHelper.swift */; };
		6B35887F2380ADC900913DE5 /* DistanceHelper.swift in Sources */ = {isa = PBXBuildFile; fileRef = 6B35887D2380ADC900913DE5 /* DistanceHelper.swift */; };
		6B3BD8F61E97D09D007A2D7E /* high-quality-widget-guide.gif in Resources */ = {isa = PBXBuildFile; fileRef = 6B3BD8F51E97D09D007A2D7E /* high-quality-widget-guide.gif */; };
		6BB802351D7D2289003506C2 /* Extensions.swift in Sources */ = {isa = PBXBuildFile; fileRef = 6BB802341D7D2289003506C2 /* Extensions.swift */; };
		6BB802361D7D2289003506C2 /* Extensions.swift in Sources */ = {isa = PBXBuildFile; fileRef = 6BB802341D7D2289003506C2 /* Extensions.swift */; };
		8ED5C14F1C241F9E71633E59 /* Pods_TajmaWidget.framework in Frameworks */ = {isa = PBXBuildFile; fileRef = 15E8D79F49502C8721D840DB /* Pods_TajmaWidget.framework */; };
		CC0002000000000000000001 /* TajmaApp.swift in Sources */ = {isa = PBXBuildFile; fileRef = CC0001000000000000000001 /* TajmaApp.swift */; };
		CC0002000000000000000002 /* Theme.swift in Sources */ = {isa = PBXBuildFile; fileRef = CC0001000000000000000002 /* Theme.swift */; };
		CC0002000000000000000003 /* TajmaNavigationBar.swift in Sources */ = {isa = PBXBuildFile; fileRef = CC0001000000000000000003 /* TajmaNavigationBar.swift */; };
		CC0002000000000000000004 /* StopRowView.swift in Sources */ = {isa = PBXBuildFile; fileRef = CC0001000000000000000004 /* StopRowView.swift */; };
		CC0002000000000000000005 /* LineRowView.swift in Sources */ = {isa = PBXBuildFile; fileRef = CC0001000000000000000005 /* LineRowView.swift */; };
		CC0002000000000000000006 /* LinesHeaderRowView.swift in Sources */ = {isa = PBXBuildFile; fileRef = CC0001000000000000000006 /* LinesHeaderRowView.swift */; };
		CC0002000000000000000007 /* MenuRowView.swift in Sources */ = {isa = PBXBuildFile; fileRef = CC0001000000000000000007 /* MenuRowView.swift */; };
		CC0002000000000000000008 /* StopsViewModel.swift in Sources */ = {isa = PBXBuildFile; fileRef = CC0001000000000000000008 /* StopsViewModel.swift */; };
		CC0002000000000000000009 /* LinesViewModel.swift in Sources */ = {isa = PBXBuildFile; fileRef = CC0001000000000000000009 /* LinesViewModel.swift */; };
		CC000200000000000000000A /* MenuViewModel.swift in Sources */ = {isa = PBXBuildFile; fileRef = CC000100000000000000000A /* MenuViewModel.swift */; };
		CC000200000000000000000B /* StopsView.swift in Sources */ = {isa = PBXBuildFile; fileRef = CC000100000000000000000B /* StopsView.swift */; };
		CC000200000000000000000C /* LinesView.swift in Sources */ = {isa = PBXBuildFile; fileRef = CC000100000000000000000C /* LinesView.swift */; };
		CC000200000000000000000D /* MenuView.swift in Sources */ = {isa = PBXBuildFile; fileRef = CC000100000000000000000D /* MenuView.swift */; };
		CC000200000000000000000E /* WebViewScreen.swift in Sources */ = {isa = PBXBuildFile; fileRef = CC000100000000000000000E /* WebViewScreen.swift */; };
		CC000200000000000000000F /* WidgetGuideView.swift in Sources */ = {isa = PBXBuildFile; fileRef = CC000100000000000000000F /* WidgetGuideView.swift */; };
		CC0002000000000000000010 /* UIKitBridges.swift in Sources */ = {isa = PBXBuildFile; fileRef = CC0001000000000000000010 /* UIKitBridges.swift */; };
		CC0002000000000000000011 /* iPadMainView.swift in Sources */ = {isa = PBXBuildFile; fileRef = CC0001000000000000000011 /* iPadMainView.swift */; };
		DD0008000000000000000001 /* TajmaWidget.swift in Sources */ = {isa = PBXBuildFile; fileRef = DD0007000000000000000001 /* TajmaWidget.swift */; };
		DD0008000000000000000002 /* WidgetLocationManager.swift in Sources */ = {isa = PBXBuildFile; fileRef = DD0007000000000000000002 /* WidgetLocationManager.swift */; };
		DD000C000000000000000001 /* TajmaWidget.appex in Embed App Extensions */ = {isa = PBXBuildFile; fileRef = DD0002000000000000000001 /* TajmaWidget.appex */; settings = {ATTRIBUTES = (RemoveHeadersOnCopy, ); }; };
		F8020F6B1CB52F920060C0C8 /* Reachability.swift in Sources */ = {isa = PBXBuildFile; fileRef = F8FA48411C39BE010080E12B /* Reachability.swift */; };
		F806676D1B1E5D7200A26B5D /* WebService.swift in Sources */ = {isa = PBXBuildFile; fileRef = F87AFE891B1B906400D3DAFC /* WebService.swift */; };
		F80667751B1E5D7900A26B5D /* Line.swift in Sources */ = {isa = PBXBuildFile; fileRef = F87AFE781B1B903F00D3DAFC /* Line.swift */; };
		F80667781B1E5D7900A26B5D /* Stop.swift in Sources */ = {isa = PBXBuildFile; fileRef = F87AFE7C1B1B903F00D3DAFC /* Stop.swift */; };
		F818619F1B41D52A005DDA3A /* DeviceHelper.swift in Sources */ = {isa = PBXBuildFile; fileRef = F818619E1B41D52A005DDA3A /* DeviceHelper.swift */; };
		F81861A01B41D52A005DDA3A /* DeviceHelper.swift in Sources */ = {isa = PBXBuildFile; fileRef = F818619E1B41D52A005DDA3A /* DeviceHelper.swift */; };
		F82CB0841BD25B2C0015D3C5 /* DbService.swift in Sources */ = {isa = PBXBuildFile; fileRef = F82CB0831BD25B2C0015D3C5 /* DbService.swift */; };
		F82CB0851BD25B2C0015D3C5 /* DbService.swift in Sources */ = {isa = PBXBuildFile; fileRef = F82CB0831BD25B2C0015D3C5 /* DbService.swift */; };
		F843A3A61B1B04C2008F4505 /* Tajma.xcdatamodeld in Sources */ = {isa = PBXBuildFile; fileRef = F843A3A41B1B04C2008F4505 /* Tajma.xcdatamodeld */; };
		F843A3AD1B1B04C2008F4505 /* Images.xcassets in Resources */ = {isa = PBXBuildFile; fileRef = F843A3AC1B1B04C2008F4505 /* Images.xcassets */; };
		F843A3B01B1B04C2008F4505 /* LaunchScreen.xib in Resources */ = {isa = PBXBuildFile; fileRef = F843A3AE1B1B04C2008F4505 /* LaunchScreen.xib */; };
		F8729F411BF77E57000E9C9C /* Shared.swift in Sources */ = {isa = PBXBuildFile; fileRef = F8729F401BF77E57000E9C9C /* Shared.swift */; };
		F8729F421BF77E57000E9C9C /* Shared.swift in Sources */ = {isa = PBXBuildFile; fileRef = F8729F401BF77E57000E9C9C /* Shared.swift */; };
		F87AFE811B1B903F00D3DAFC /* Line.swift in Sources */ = {isa = PBXBuildFile; fileRef = F87AFE781B1B903F00D3DAFC /* Line.swift */; };
		F87AFE851B1B903F00D3DAFC /* Stop.swift in Sources */ = {isa = PBXBuildFile; fileRef = F87AFE7C1B1B903F00D3DAFC /* Stop.swift */; };
		F87AFE8D1B1B906400D3DAFC /* WebService.swift in Sources */ = {isa = PBXBuildFile; fileRef = F87AFE891B1B906400D3DAFC /* WebService.swift */; };
		F8D853C91BE12F2C00E2C1E2 /* Constants.swift in Sources */ = {isa = PBXBuildFile; fileRef = F8D853C81BE12F2C00E2C1E2 /* Constants.swift */; };
		F8D853CA1BE132F000E2C1E2 /* Constants.swift in Sources */ = {isa = PBXBuildFile; fileRef = F8D853C81BE12F2C00E2C1E2 /* Constants.swift */; };
		F8FA48421C39BE010080E12B /* Reachability.swift in Sources */ = {isa = PBXBuildFile; fileRef = F8FA48411C39BE010080E12B /* Reachability.swift */; };
/* End PBXBuildFile section */

/* Begin PBXContainerItemProxy section */
		DD0006000000000000000001 /* PBXContainerItemProxy */ = {
			isa = PBXContainerItemProxy;
			containerPortal = F843A3951B1B04C2008F4505 /* Project object */;
			proxyType = 1;
			remoteGlobalIDString = DD0001000000000000000001;
			remoteInfo = TajmaWidget;
		};
/* End PBXContainerItemProxy section */

/* Begin PBXCopyFilesBuildPhase section */
		F80667671B1E5CA100A26B5D /* Embed App Extensions */ = {
			isa = PBXCopyFilesBuildPhase;
			buildActionMask = 2147483647;
			dstPath = "";
			dstSubfolderSpec = 13;
			files = (
				DD000C000000000000000001 /* TajmaWidget.appex in Embed App Extensions */,
			);
			name = "Embed App Extensions";
			runOnlyForDeploymentPostprocessing = 0;
		};
		F871410F1BD55FB800A75E1B /* Embed Watch Content */ = {
			isa = PBXCopyFilesBuildPhase;
			buildActionMask = 2147483647;
			dstPath = "$(CONTENTS_FOLDER_PATH)/Watch";
			dstSubfolderSpec = 16;
			files = (
			);
			name = "Embed Watch Content";
			runOnlyForDeploymentPostprocessing = 0;
		};
/* End PBXCopyFilesBuildPhase section */

/* Begin PBXFileReference section */
		14C5110378237B0D9C445609 /* Pods-Tajma.release.xcconfig */ = {isa = PBXFileReference; includeInIndex = 1; lastKnownFileType = text.xcconfig; name = "Pods-Tajma.release.xcconfig"; path = "Pods/Target Support Files/Pods-Tajma/Pods-Tajma.release.xcconfig"; sourceTree = "<group>"; };
		15E8D79F49502C8721D840DB /* Pods_TajmaWidget.framework */ = {isa = PBXFileReference; explicitFileType = wrapper.framework; includeInIndex = 0; path = Pods_TajmaWidget.framework; sourceTree = BUILT_PRODUCTS_DIR; };
		6B35887D2380ADC900913DE5 /* DistanceHelper.swift */ = {isa = PBXFileReference; lastKnownFileType = sourcecode.swift; path = DistanceHelper.swift; sourceTree = "<group>"; };
		6B3BD8F51E97D09D007A2D7E /* high-quality-widget-guide.gif */ = {isa = PBXFileReference; lastKnownFileType = image.gif; path = "high-quality-widget-guide.gif"; sourceTree = "<group>"; };
		6BB802341D7D2289003506C2 /* Extensions.swift */ = {isa = PBXFileReference; fileEncoding = 4; lastKnownFileType = sourcecode.swift; path = Extensions.swift; sourceTree = "<group>"; };
		7074C1FC4665BB1B3DC3A07A /* Pods_Tajma.framework */ = {isa = PBXFileReference; explicitFileType = wrapper.framework; includeInIndex = 0; path = Pods_Tajma.framework; sourceTree = BUILT_PRODUCTS_DIR; };
		974E3B564DAC9F5AC32E1761 /* Pods-TajmaWidget.release.xcconfig */ = {isa = PBXFileReference; includeInIndex = 1; lastKnownFileType = text.xcconfig; name = "Pods-TajmaWidget.release.xcconfig"; path = "Pods/Target Support Files/Pods-TajmaWidget/Pods-TajmaWidget.release.xcconfig"; sourceTree = "<group>"; };
		CC0001000000000000000001 /* TajmaApp.swift */ = {isa = PBXFileReference; lastKnownFileType = sourcecode.swift; path = TajmaApp.swift; sourceTree = "<group>"; };
		CC0001000000000000000002 /* Theme.swift */ = {isa = PBXFileReference; lastKnownFileType = sourcecode.swift; path = Theme.swift; sourceTree = "<group>"; };
		CC0001000000000000000003 /* TajmaNavigationBar.swift */ = {isa = PBXFileReference; lastKnownFileType = sourcecode.swift; path = TajmaNavigationBar.swift; sourceTree = "<group>"; };
		CC0001000000000000000004 /* StopRowView.swift */ = {isa = PBXFileReference; lastKnownFileType = sourcecode.swift; path = StopRowView.swift; sourceTree = "<group>"; };
		CC0001000000000000000005 /* LineRowView.swift */ = {isa = PBXFileReference; lastKnownFileType = sourcecode.swift; path = LineRowView.swift; sourceTree = "<group>"; };
		CC0001000000000000000006 /* LinesHeaderRowView.swift */ = {isa = PBXFileReference; lastKnownFileType = sourcecode.swift; path = LinesHeaderRowView.swift; sourceTree = "<group>"; };
		CC0001000000000000000007 /* MenuRowView.swift */ = {isa = PBXFileReference; lastKnownFileType = sourcecode.swift; path = MenuRowView.swift; sourceTree = "<group>"; };
		CC0001000000000000000008 /* StopsViewModel.swift */ = {isa = PBXFileReference; lastKnownFileType = sourcecode.swift; path = StopsViewModel.swift; sourceTree = "<group>"; };
		CC0001000000000000000009 /* LinesViewModel.swift */ = {isa = PBXFileReference; lastKnownFileType = sourcecode.swift; path = LinesViewModel.swift; sourceTree = "<group>"; };
		CC000100000000000000000A /* MenuViewModel.swift */ = {isa = PBXFileReference; lastKnownFileType = sourcecode.swift; path = MenuViewModel.swift; sourceTree = "<group>"; };
		CC000100000000000000000B /* StopsView.swift */ = {isa = PBXFileReference; lastKnownFileType = sourcecode.swift; path = StopsView.swift; sourceTree = "<group>"; };
		CC000100000000000000000C /* LinesView.swift */ = {isa = PBXFileReference; lastKnownFileType = sourcecode.swift; path = LinesView.swift; sourceTree = "<group>"; };
		CC000100000000000000000D /* MenuView.swift */ = {isa = PBXFileReference; lastKnownFileType = sourcecode.swift; path = MenuView.swift; sourceTree = "<group>"; };
		CC000100000000000000000E /* WebViewScreen.swift */ = {isa = PBXFileReference; lastKnownFileType = sourcecode.swift; path = WebViewScreen.swift; sourceTree = "<group>"; };
		CC000100000000000000000F /* WidgetGuideView.swift */ = {isa = PBXFileReference; lastKnownFileType = sourcecode.swift; path = WidgetGuideView.swift; sourceTree = "<group>"; };
		CC0001000000000000000010 /* UIKitBridges.swift */ = {isa = PBXFileReference; lastKnownFileType = sourcecode.swift; path = UIKitBridges.swift; sourceTree = "<group>"; };
		CC0001000000000000000011 /* iPadMainView.swift */ = {isa = PBXFileReference; lastKnownFileType = sourcecode.swift; path = iPadMainView.swift; sourceTree = "<group>"; };
		CCD40C0E70C3A27B45E7747D /* Pods-Tajma.debug.xcconfig */ = {isa = PBXFileReference; includeInIndex = 1; lastKnownFileType = text.xcconfig; name = "Pods-Tajma.debug.xcconfig"; path = "Pods/Target Support Files/Pods-Tajma/Pods-Tajma.debug.xcconfig"; sourceTree = "<group>"; };
		D904558F2692BA5B4F8A2D92 /* Pods-TajmaWidget.debug.xcconfig */ = {isa = PBXFileReference; includeInIndex = 1; lastKnownFileType = text.xcconfig; name = "Pods-TajmaWidget.debug.xcconfig"; path = "Pods/Target Support Files/Pods-TajmaWidget/Pods-TajmaWidget.debug.xcconfig"; sourceTree = "<group>"; };
		DD0002000000000000000001 /* TajmaWidget.appex */ = {isa = PBXFileReference; explicitFileType = "wrapper.app-extension"; includeInIndex = 0; path = TajmaWidget.appex; sourceTree = BUILT_PRODUCTS_DIR; };
		DD0007000000000000000001 /* TajmaWidget.swift */ = {isa = PBXFileReference; lastKnownFileType = sourcecode.swift; path = TajmaWidget.swift; sourceTree = "<group>"; };
		DD0007000000000000000002 /* WidgetLocationManager.swift */ = {isa = PBXFileReference; lastKnownFileType = sourcecode.swift; path = WidgetLocationManager.swift; sourceTree = "<group>"; };
		DD0007000000000000000003 /* Info.plist */ = {isa = PBXFileReference; lastKnownFileType = text.plist.xml; path = Info.plist; sourceTree = "<group>"; };
		DD0007000000000000000004 /* TajmaWidget.entitlements */ = {isa = PBXFileReference; lastKnownFileType = text.plist.entitlements; path = TajmaWidget.entitlements; sourceTree = "<group>"; };
		F818619E1B41D52A005DDA3A /* DeviceHelper.swift */ = {isa = PBXFileReference; fileEncoding = 4; lastKnownFileType = sourcecode.swift; path = DeviceHelper.swift; sourceTree = "<group>"; };
		F82CB0831BD25B2C0015D3C5 /* DbService.swift */ = {isa = PBXFileReference; fileEncoding = 4; lastKnownFileType = sourcecode.swift; path = DbService.swift; sourceTree = "<group>"; };
		F843A39D1B1B04C2008F4505 /* Tajma.app */ = {isa = PBXFileReference; explicitFileType = wrapper.application; includeInIndex = 0; path = Tajma.app; sourceTree = BUILT_PRODUCTS_DIR; };
		F843A3A11B1B04C2008F4505 /* Info.plist */ = {isa = PBXFileReference; lastKnownFileType = text.plist.xml; path = Info.plist; sourceTree = "<group>"; };
		F843A3A51B1B04C2008F4505 /* Tajma.xcdatamodel */ = {isa = PBXFileReference; lastKnownFileType = wrapper.xcdatamodel; path = Tajma.xcdatamodel; sourceTree = "<group>"; };
		F843A3AC1B1B04C2008F4505 /* Images.xcassets */ = {isa = PBXFileReference; lastKnownFileType = folder.assetcatalog; path = Images.xcassets; sourceTree = "<group>"; };
		F843A3AF1B1B04C2008F4505 /* Base */ = {isa = PBXFileReference; lastKnownFileType = file.xib; name = Base; path = Base.lproj/LaunchScreen.xib; sourceTree = "<group>"; };
		F8729F401BF77E57000E9C9C /* Shared.swift */ = {isa = PBXFileReference; fileEncoding = 4; lastKnownFileType = sourcecode.swift; path = Shared.swift; sourceTree = "<group>"; };
		F87AFE781B1B903F00D3DAFC /* Line.swift */ = {isa = PBXFileReference; fileEncoding = 4; lastKnownFileType = sourcecode.swift; path = Line.swift; sourceTree = "<group>"; };
		F87AFE7C1B1B903F00D3DAFC /* Stop.swift */ = {isa = PBXFileReference; fileEncoding = 4; lastKnownFileType = sourcecode.swift; path = Stop.swift; sourceTree = "<group>"; };
		F87AFE891B1B906400D3DAFC /* WebService.swift */ = {isa = PBXFileReference; fileEncoding = 4; lastKnownFileType = sourcecode.swift; path = WebService.swift; sourceTree = "<group>"; };
		F87AFE901B1B90AB00D3DAFC /* Bridging-Header.h */ = {isa = PBXFileReference; fileEncoding = 4; lastKnownFileType = sourcecode.c.h; path = "Bridging-Header.h"; sourceTree = "<group>"; };
		F87AFE931B1B930700D3DAFC /* Tajma.entitlements */ = {isa = PBXFileReference; lastKnownFileType = text.xml; path = Tajma.entitlements; sourceTree = "<group>"; };
		F8D853C81BE12F2C00E2C1E2 /* Constants.swift */ = {isa = PBXFileReference; fileEncoding = 4; lastKnownFileType = sourcecode.swift; path = Constants.swift; sourceTree = "<group>"; };
		F8FA48411C39BE010080E12B /* Reachability.swift */ = {isa = PBXFileReference; fileEncoding = 4; lastKnownFileType = sourcecode.swift; path = Reachability.swift; sourceTree = "<group>"; };
/* End PBXFileReference section */

/* Begin PBXFrameworksBuildPhase section */
		DD0003000000000000000002 /* Frameworks */ = {
			isa = PBXFrameworksBuildPhase;
			buildActionMask = 2147483647;
			files = (
				8ED5C14F1C241F9E71633E59 /* Pods_TajmaWidget.framework in Frameworks */,
			);
			runOnlyForDeploymentPostprocessing = 0;
		};
		F843A39A1B1B04C2008F4505 /* Frameworks */ = {
			isa = PBXFrameworksBuildPhase;
			buildActionMask = 2147483647;
			files = (
				618F431B6780E5F69E3BDFBD /* Pods_Tajma.framework in Frameworks */,
			);
			runOnlyForDeploymentPostprocessing = 0;
		};
/* End PBXFrameworksBuildPhase section */

/* Begin PBXGroup section */
		6B3BD8F41E97D08E007A2D7E /* Resources */ = {
			isa = PBXGroup;
			children = (
				6B3BD8F51E97D09D007A2D7E /* high-quality-widget-guide.gif */,
			);
			name = Resources;
			sourceTree = "<group>";
		};
		CC0003000000000000000001 /* Views */ = {
			isa = PBXGroup;
			children = (
				CC000100000000000000000B /* StopsView.swift */,
				CC000100000000000000000C /* LinesView.swift */,
				CC000100000000000000000D /* MenuView.swift */,
				CC000100000000000000000E /* WebViewScreen.swift */,
				CC000100000000000000000F /* WidgetGuideView.swift */,
				CC0001000000000000000011 /* iPadMainView.swift */,
				CC0001000000000000000010 /* UIKitBridges.swift */,
			);
			name = Views;
			sourceTree = "<group>";
		};
		CC0003000000000000000002 /* ViewModels */ = {
			isa = PBXGroup;
			children = (
				CC0001000000000000000008 /* StopsViewModel.swift */,
				CC0001000000000000000009 /* LinesViewModel.swift */,
				CC000100000000000000000A /* MenuViewModel.swift */,
			);
			name = ViewModels;
			sourceTree = "<group>";
		};
		CC0003000000000000000003 /* Components */ = {
			isa = PBXGroup;
			children = (
				CC0001000000000000000003 /* TajmaNavigationBar.swift */,
				CC0001000000000000000004 /* StopRowView.swift */,
				CC0001000000000000000005 /* LineRowView.swift */,
				CC0001000000000000000006 /* LinesHeaderRowView.swift */,
				CC0001000000000000000007 /* MenuRowView.swift */,
			);
			name = Components;
			sourceTree = "<group>";
		};
		DD000B000000000000000001 /* TajmaWidget */ = {
			isa = PBXGroup;
			children = (
				DD0007000000000000000001 /* TajmaWidget.swift */,
				DD0007000000000000000002 /* WidgetLocationManager.swift */,
				DD0007000000000000000003 /* Info.plist */,
				DD0007000000000000000004 /* TajmaWidget.entitlements */,
			);
			path = TajmaWidget;
			sourceTree = "<group>";
		};
		E1BA6055E6B616253A92F501 /* Pods */ = {
			isa = PBXGroup;
			children = (
				CCD40C0E70C3A27B45E7747D /* Pods-Tajma.debug.xcconfig */,
				14C5110378237B0D9C445609 /* Pods-Tajma.release.xcconfig */,
				D904558F2692BA5B4F8A2D92 /* Pods-TajmaWidget.debug.xcconfig */,
				974E3B564DAC9F5AC32E1761 /* Pods-TajmaWidget.release.xcconfig */,
			);
			name = Pods;
			sourceTree = "<group>";
		};
		F806674F1B1D156E00A26B5D /* Helpers */ = {
			isa = PBXGroup;
			children = (
				F8D853C81BE12F2C00E2C1E2 /* Constants.swift */,
				F818619E1B41D52A005DDA3A /* DeviceHelper.swift */,
				6B35887D2380ADC900913DE5 /* DistanceHelper.swift */,
				6BB802341D7D2289003506C2 /* Extensions.swift */,
				F8FA48411C39BE010080E12B /* Reachability.swift */,
				F8729F401BF77E57000E9C9C /* Shared.swift */,
			);
			name = Helpers;
			sourceTree = "<group>";
		};
		F80667571B1E5CA100A26B5D /* Frameworks */ = {
			isa = PBXGroup;
			children = (
				7074C1FC4665BB1B3DC3A07A /* Pods_Tajma.framework */,
				15E8D79F49502C8721D840DB /* Pods_TajmaWidget.framework */,
			);
			name = Frameworks;
			sourceTree = "<group>";
		};
		F843A3941B1B04C2008F4505 = {
			isa = PBXGroup;
			children = (
				F87AFE661B1B89C100D3DAFC /* Core */,
				F843A39F1B1B04C2008F4505 /* Tajma */,
				DD000B000000000000000001 /* TajmaWidget */,
				F80667571B1E5CA100A26B5D /* Frameworks */,
				F843A39E1B1B04C2008F4505 /* Products */,
				E1BA6055E6B616253A92F501 /* Pods */,
			);
			sourceTree = "<group>";
		};
		F843A39E1B1B04C2008F4505 /* Products */ = {
			isa = PBXGroup;
			children = (
				F843A39D1B1B04C2008F4505 /* Tajma.app */,
				DD0002000000000000000001 /* TajmaWidget.appex */,
			);
			name = Products;
			sourceTree = "<group>";
		};
		F843A39F1B1B04C2008F4505 /* Tajma */ = {
			isa = PBXGroup;
			children = (
				F87AFE931B1B930700D3DAFC /* Tajma.entitlements */,
				CC0001000000000000000001 /* TajmaApp.swift */,
				CC0001000000000000000002 /* Theme.swift */,
				CC0003000000000000000001 /* Views */,
				CC0003000000000000000002 /* ViewModels */,
				CC0003000000000000000003 /* Components */,
				F843A3AC1B1B04C2008F4505 /* Images.xcassets */,
				F843A3AE1B1B04C2008F4505 /* LaunchScreen.xib */,
				F843A3A41B1B04C2008F4505 /* Tajma.xcdatamodeld */,
				F87AFE901B1B90AB00D3DAFC /* Bridging-Header.h */,
				F843A3A01B1B04C2008F4505 /* Supporting Files */,
			);
			path = Tajma;
			sourceTree = "<group>";
		};
		F843A3A01B1B04C2008F4505 /* Supporting Files */ = {
			isa = PBXGroup;
			children = (
				F843A3A11B1B04C2008F4505 /* Info.plist */,
			);
			name = "Supporting Files";
			sourceTree = "<group>";
		};
		F87AFE661B1B89C100D3DAFC /* Core */ = {
			isa = PBXGroup;
			children = (
				F806674F1B1D156E00A26B5D /* Helpers */,
				F87AFE6F1B1B8FE000D3DAFC /* Models */,
				6B3BD8F41E97D08E007A2D7E /* Resources */,
				F87AFE691B1B8F7A00D3DAFC /* Services */,
			);
			name = Core;
			sourceTree = "<group>";
		};
		F87AFE691B1B8F7A00D3DAFC /* Services */ = {
			isa = PBXGroup;
			children = (
				F82CB0831BD25B2C0015D3C5 /* DbService.swift */,
				F87AFE891B1B906400D3DAFC /* WebService.swift */,
			);
			name = Services;
			sourceTree = "<group>";
		};
		F87AFE6F1B1B8FE000D3DAFC /* Models */ = {
			isa = PBXGroup;
			children = (
				F87AFE781B1B903F00D3DAFC /* Line.swift */,
				F87AFE7C1B1B903F00D3DAFC /* Stop.swift */,
			);
			name = Models;
			sourceTree = "<group>";
		};
/* End PBXGroup section */

/* Begin PBXNativeTarget section */
		DD0001000000000000000001 /* TajmaWidget */ = {
			isa = PBXNativeTarget;
			buildConfigurationList = F80667641B1E5CA100A26B5D /* Build configuration list for PBXNativeTarget "TajmaWidget" */;
			buildPhases = (
				9810094AACDAA2800C7666D9 /* [CP] Check Pods Manifest.lock */,
				DD0003000000000000000001 /* Sources */,
				DD0003000000000000000002 /* Frameworks */,
				DD0003000000000000000003 /* Resources */,
			);
			buildRules = (
			);
			dependencies = (
			);
			name = TajmaWidget;
			productName = TajmaWidget;
			productReference = DD0002000000000000000001 /* TajmaWidget.appex */;
			productType = "com.apple.product-type.app-extension";
		};
		F843A39C1B1B04C2008F4505 /* Tajma */ = {
			isa = PBXNativeTarget;
			buildConfigurationList = F843A3BF1B1B04C2008F4505 /* Build configuration list for PBXNativeTarget "Tajma" */;
			buildPhases = (
				8A5862EF9553E82E751EBB57 /* [CP] Check Pods Manifest.lock */,
				F843A3991B1B04C2008F4505 /* Sources */,
				F843A39A1B1B04C2008F4505 /* Frameworks */,
				F843A39B1B1B04C2008F4505 /* Resources */,
				F80667671B1E5CA100A26B5D /* Embed App Extensions */,
				F871410F1BD55FB800A75E1B /* Embed Watch Content */,
				7734ED7DA75A001E8BE707CA /* [CP] Embed Pods Frameworks */,
			);
			buildRules = (
			);
			dependencies = (
				DD0006000000000000000002 /* PBXTargetDependency */,
			);
			name = Tajma;
			productName = Tajma;
			productReference = F843A39D1B1B04C2008F4505 /* Tajma.app */;
			productType = "com.apple.product-type.application";
		};
/* End PBXNativeTarget section */

/* Begin PBXProject section */
		F843A3951B1B04C2008F4505 /* Project object */ = {
			isa = PBXProject;
			attributes = {
				LastSwiftMigration = 0700;
				LastSwiftUpdateCheck = 0700;
				LastUpgradeCheck = 1120;
				ORGANIZATIONNAME = "Rashwan Lazkani";
				TargetAttributes = {
					DD0001000000000000000001 = {
						CreatedOnToolsVersion = 15.0;
						DevelopmentTeam = 7XDMTA49ZT;
						ProvisioningStyle = Automatic;
					};
					F843A39C1B1B04C2008F4505 = {
						CreatedOnToolsVersion = 6.3.2;
						DevelopmentTeam = 7XDMTA49ZT;
						LastSwiftMigration = 0800;
						ProvisioningStyle = Automatic;
						SystemCapabilities = {
							com.apple.ApplicationGroups.iOS = {
								enabled = 1;
							};
						};
					};
				};
			};
			buildConfigurationList = F843A3981B1B04C2008F4505 /* Build configuration list for PBXProject "Tajma" */;
			compatibilityVersion = "Xcode 3.2";
			developmentRegion = English;
			hasScannedForEncodings = 0;
			knownRegions = (
				English,
				en,
				Base,
			);
			mainGroup = F843A3941B1B04C2008F4505;
			productRefGroup = F843A39E1B1B04C2008F4505 /* Products */;
			projectDirPath = "";
			projectRoot = "";
			targets = (
				F843A39C1B1B04C2008F4505 /* Tajma */,
				DD0001000000000000000001 /* TajmaWidget */,
			);
		};
/* End PBXProject section */

/* Begin PBXResourcesBuildPhase section */
		DD0003000000000000000003 /* Resources */ = {
			isa = PBXResourcesBuildPhase;
			buildActionMask = 2147483647;
			files = (
			);
			runOnlyForDeploymentPostprocessing = 0;
		};
		F843A39B1B1B04C2008F4505 /* Resources */ = {
			isa = PBXResourcesBuildPhase;
			buildActionMask = 2147483647;
			files = (
				F843A3B01B1B04C2008F4505 /* LaunchScreen.xib in Resources */,
				F843A3AD1B1B04C2008F4505 /* Images.xcassets in Resources */,
				6B3BD8F61E97D09D007A2D7E /* high-quality-widget-guide.gif in Resources */,
			);
			runOnlyForDeploymentPostprocessing = 0;
		};
/* End PBXResourcesBuildPhase section */

/* Begin PBXShellScriptBuildPhase section */
		7734ED7DA75A001E8BE707CA /* [CP] Embed Pods Frameworks */ = {
			isa = PBXShellScriptBuildPhase;
			buildActionMask = 2147483647;
			files = (
			);
			inputPaths = (
				"${PODS_ROOT}/Target Support Files/Pods-Tajma/Pods-Tajma-frameworks.sh",
				"${BUILT_PRODUCTS_DIR}/SQLite.swift/SQLite.framework",
			);
			name = "[CP] Embed Pods Frameworks";
			outputPaths = (
				"${TARGET_BUILD_DIR}/${FRAMEWORKS_FOLDER_PATH}/SQLite.framework",
			);
			runOnlyForDeploymentPostprocessing = 0;
			shellPath = /bin/sh;
			shellScript = "\"${PODS_ROOT}/Target Support Files/Pods-Tajma/Pods-Tajma-frameworks.sh\"\n";
			showEnvVarsInLog = 0;
		};
		8A5862EF9553E82E751EBB57 /* [CP] Check Pods Manifest.lock */ = {
			isa = PBXShellScriptBuildPhase;
			buildActionMask = 2147483647;
			files = (
			);
			inputPaths = (
				"${PODS_PODFILE_DIR_PATH}/Podfile.lock",
				"${PODS_ROOT}/Manifest.lock",
			);
			name = "[CP] Check Pods Manifest.lock";
			outputPaths = (
				"$(DERIVED_FILE_DIR)/Pods-Tajma-checkManifestLockResult.txt",
			);
			runOnlyForDeploymentPostprocessing = 0;
			shellPath = /bin/sh;
			shellScript = "diff \"${PODS_PODFILE_DIR_PATH}/Podfile.lock\" \"${PODS_ROOT}/Manifest.lock\" > /dev/null\nif [ $? != 0 ] ; then\n    # print error to STDERR\n    echo \"error: The sandbox is not in sync with the Podfile.lock. Run 'pod install' or update your CocoaPods installation.\" >&2\n    exit 1\nfi\n# This output is used by Xcode 'outputs' to avoid re-running this script phase.\necho \"SUCCESS\" > \"${SCRIPT_OUTPUT_FILE_0}\"\n";
			showEnvVarsInLog = 0;
		};
		9810094AACDAA2800C7666D9 /* [CP] Check Pods Manifest.lock */ = {
			isa = PBXShellScriptBuildPhase;
			buildActionMask = 2147483647;
			files = (
			);
			inputFileListPaths = (
			);
			inputPaths = (
				"${PODS_PODFILE_DIR_PATH}/Podfile.lock",
				"${PODS_ROOT}/Manifest.lock",
			);
			name = "[CP] Check Pods Manifest.lock";
			outputFileListPaths = (
			);
			outputPaths = (
				"$(DERIVED_FILE_DIR)/Pods-TajmaWidget-checkManifestLockResult.txt",
			);
			runOnlyForDeploymentPostprocessing = 0;
			shellPath = /bin/sh;
			shellScript = "diff \"${PODS_PODFILE_DIR_PATH}/Podfile.lock\" \"${PODS_ROOT}/Manifest.lock\" > /dev/null\nif [ $? != 0 ] ; then\n    # print error to STDERR\n    echo \"error: The sandbox is not in sync with the Podfile.lock. Run 'pod install' or update your CocoaPods installation.\" >&2\n    exit 1\nfi\n# This output is used by Xcode 'outputs' to avoid re-running this script phase.\necho \"SUCCESS\" > \"${SCRIPT_OUTPUT_FILE_0}\"\n";
			showEnvVarsInLog = 0;
		};
/* End PBXShellScriptBuildPhase section */

/* Begin PBXSourcesBuildPhase section */
		DD0003000000000000000001 /* Sources */ = {
			isa = PBXSourcesBuildPhase;
			buildActionMask = 2147483647;
			files = (
				DD0008000000000000000001 /* TajmaWidget.swift in Sources */,
				DD0008000000000000000002 /* WidgetLocationManager.swift in Sources */,
				F80667781B1E5D7900A26B5D /* Stop.swift in Sources */,
				F8020F6B1CB52F920060C0C8 /* Reachability.swift in Sources */,
				F81861A01B41D52A005DDA3A /* DeviceHelper.swift in Sources */,
				F82CB0851BD25B2C0015D3C5 /* DbService.swift in Sources */,
				F8729F421BF77E57000E9C9C /* Shared.swift in Sources */,
				F806676D1B1E5D7200A26B5D /* WebService.swift in Sources */,
				F8D853CA1BE132F000E2C1E2 /* Constants.swift in Sources */,
				6BB802361D7D2289003506C2 /* Extensions.swift in Sources */,
				F80667751B1E5D7900A26B5D /* Line.swift in Sources */,
				6B35887F2380ADC900913DE5 /* DistanceHelper.swift in Sources */,
			);
			runOnlyForDeploymentPostprocessing = 0;
		};
		F843A3991B1B04C2008F4505 /* Sources */ = {
			isa = PBXSourcesBuildPhase;
			buildActionMask = 2147483647;
			files = (
				F8D853C91BE12F2C00E2C1E2 /* Constants.swift in Sources */,
				F87AFE851B1B903F00D3DAFC /* Stop.swift in Sources */,
				F818619F1B41D52A005DDA3A /* DeviceHelper.swift in Sources */,
				6B35887E2380ADC900913DE5 /* DistanceHelper.swift in Sources */,
				F8FA48421C39BE010080E12B /* Reachability.swift in Sources */,
				F87AFE811B1B903F00D3DAFC /* Line.swift in Sources */,
				F87AFE8D1B1B906400D3DAFC /* WebService.swift in Sources */,
				F82CB0841BD25B2C0015D3C5 /* DbService.swift in Sources */,
				6BB802351D7D2289003506C2 /* Extensions.swift in Sources */,
				F843A3A61B1B04C2008F4505 /* Tajma.xcdatamodeld in Sources */,
				F8729F411BF77E57000E9C9C /* Shared.swift in Sources */,
				CC0002000000000000000001 /* TajmaApp.swift in Sources */,
				CC0002000000000000000002 /* Theme.swift in Sources */,
				CC0002000000000000000003 /* TajmaNavigationBar.swift in Sources */,
				CC0002000000000000000004 /* StopRowView.swift in Sources */,
				CC0002000000000000000005 /* LineRowView.swift in Sources */,
				CC0002000000000000000006 /* LinesHeaderRowView.swift in Sources */,
				CC0002000000000000000007 /* MenuRowView.swift in Sources */,
				CC0002000000000000000008 /* StopsViewModel.swift in Sources */,
				CC0002000000000000000009 /* LinesViewModel.swift in Sources */,
				CC000200000000000000000A /* MenuViewModel.swift in Sources */,
				CC000200000000000000000B /* StopsView.swift in Sources */,
				CC000200000000000000000C /* LinesView.swift in Sources */,
				CC000200000000000000000D /* MenuView.swift in Sources */,
				CC000200000000000000000E /* WebViewScreen.swift in Sources */,
				CC000200000000000000000F /* WidgetGuideView.swift in Sources */,
				CC0002000000000000000010 /* UIKitBridges.swift in Sources */,
				CC0002000000000000000011 /* iPadMainView.swift in Sources */,
			);
			runOnlyForDeploymentPostprocessing = 0;
		};
/* End PBXSourcesBuildPhase section */

/* Begin PBXTargetDependency section */
		DD0006000000000000000002 /* PBXTargetDependency */ = {
			isa = PBXTargetDependency;
			target = DD0001000000000000000001 /* TajmaWidget */;
			targetProxy = DD0006000000000000000001 /* PBXContainerItemProxy */;
		};
/* End PBXTargetDependency section */

/* Begin PBXVariantGroup section */
		F843A3AE1B1B04C2008F4505 /* LaunchScreen.xib */ = {
			isa = PBXVariantGroup;
			children = (
				F843A3AF1B1B04C2008F4505 /* Base */,
			);
			name = LaunchScreen.xib;
			sourceTree = "<group>";
		};
/* End PBXVariantGroup section */

/* Begin XCBuildConfiguration section */
		F80667651B1E5CA100A26B5D /* Debug */ = {
			isa = XCBuildConfiguration;
			baseConfigurationReference = D904558F2692BA5B4F8A2D92 /* Pods-TajmaWidget.debug.xcconfig */;
			buildSettings = {
				ALWAYS_EMBED_SWIFT_STANDARD_LIBRARIES = NO;
				CODE_SIGN_ENTITLEMENTS = TajmaWidget/TajmaWidget.entitlements;
				CODE_SIGN_IDENTITY = "Apple Development";
				CODE_SIGN_STYLE = Automatic;
				CURRENT_PROJECT_VERSION = 8;
				DEFINES_MODULE = NO;
				DEVELOPMENT_TEAM = 7XDMTA49ZT;
				FRAMEWORK_SEARCH_PATHS = (
					"$(inherited)",
					"$(PROJECT_DIR)",
				);
				GCC_PREPROCESSOR_DEFINITIONS = (
					"DEBUG=1",
					"$(inherited)",
				);
				GENERATE_INFOPLIST_FILE = NO;
				INFOPLIST_FILE = TajmaWidget/Info.plist;
				IPHONEOS_DEPLOYMENT_TARGET = 17.6;
				LD_RUNPATH_SEARCH_PATHS = "$(inherited) @executable_path/Frameworks @executable_path/../../Frameworks";
				MARKETING_VERSION = 1.4;
				PRODUCT_BUNDLE_IDENTIFIER = com.golazo.tajma.widget;
				PRODUCT_NAME = "$(TARGET_NAME)";
				SKIP_INSTALL = YES;
				SWIFT_VERSION = 5.0;
			};
			name = Debug;
		};
		F80667661B1E5CA100A26B5D /* Release */ = {
			isa = XCBuildConfiguration;
			baseConfigurationReference = 974E3B564DAC9F5AC32E1761 /* Pods-TajmaWidget.release.xcconfig */;
			buildSettings = {
				ALWAYS_EMBED_SWIFT_STANDARD_LIBRARIES = NO;
				CODE_SIGN_ENTITLEMENTS = TajmaWidget/TajmaWidget.entitlements;
				CODE_SIGN_IDENTITY = "Apple Development";
				CODE_SIGN_STYLE = Automatic;
				CURRENT_PROJECT_VERSION = 8;
				DEFINES_MODULE = NO;
				DEVELOPMENT_TEAM = 7XDMTA49ZT;
				FRAMEWORK_SEARCH_PATHS = (
					"$(inherited)",
					"$(PROJECT_DIR)",
				);
				GENERATE_INFOPLIST_FILE = NO;
				INFOPLIST_FILE = TajmaWidget/Info.plist;
				IPHONEOS_DEPLOYMENT_TARGET = 17.6;
				LD_RUNPATH_SEARCH_PATHS = "$(inherited) @executable_path/Frameworks @executable_path/../../Frameworks";
				MARKETING_VERSION = 1.4;
				PRODUCT_BUNDLE_IDENTIFIER = com.golazo.tajma.widget;
				PRODUCT_NAME = "$(TARGET_NAME)";
				SKIP_INSTALL = YES;
				SWIFT_VERSION = 5.0;
			};
			name = Release;
		};
		F843A3BD1B1B04C2008F4505 /* Debug */ = {
			isa = XCBuildConfiguration;
			buildSettings = {
				"ADDITIONAL_SDKS[arch=*]" = "";
				ALWAYS_SEARCH_USER_PATHS = NO;
				CLANG_ANALYZER_LOCALIZABILITY_NONLOCALIZED = YES;
				CLANG_CXX_LANGUAGE_STANDARD = "gnu++0x";
				CLANG_CXX_LIBRARY = "libc++";
				CLANG_ENABLE_MODULES = YES;
				CLANG_ENABLE_OBJC_ARC = YES;
				CLANG_WARN_BLOCK_CAPTURE_AUTORELEASING = YES;
				CLANG_WARN_BOOL_CONVERSION = YES;
				CLANG_WARN_COMMA = YES;
				CLANG_WARN_CONSTANT_CONVERSION = YES;
				CLANG_WARN_DEPRECATED_OBJC_IMPLEMENTATIONS = YES;
				CLANG_WARN_DIRECT_OBJC_ISA_USAGE = YES_ERROR;
				CLANG_WARN_EMPTY_BODY = YES;
				CLANG_WARN_ENUM_CONVERSION = YES;
				CLANG_WARN_INFINITE_RECURSION = YES;
				CLANG_WARN_INT_CONVERSION = YES;
				CLANG_WARN_NON_LITERAL_NULL_CONVERSION = YES;
				CLANG_WARN_OBJC_IMPLICIT_RETAIN_SELF = YES;
				CLANG_WARN_OBJC_LITERAL_CONVERSION = YES;
				CLANG_WARN_OBJC_ROOT_CLASS = YES_ERROR;
				CLANG_WARN_RANGE_LOOP_ANALYSIS = YES;
				CLANG_WARN_STRICT_PROTOTYPES = YES;
				CLANG_WARN_SUSPICIOUS_MOVE = YES;
				CLANG_WARN_UNREACHABLE_CODE = YES;
				CLANG_WARN__DUPLICATE_METHOD_MATCH = YES;
				"CODE_SIGN_IDENTITY[sdk=iphoneos*]" = "iPhone Developer";
				COPY_PHASE_STRIP = NO;
				DEBUG_INFORMATION_FORMAT = "dwarf-with-dsym";
				ENABLE_STRICT_OBJC_MSGSEND = YES;
				ENABLE_TESTABILITY = YES;
				GCC_C_LANGUAGE_STANDARD = gnu99;
				GCC_DYNAMIC_NO_PIC = NO;
				GCC_NO_COMMON_BLOCKS = YES;
				GCC_OPTIMIZATION_LEVEL = 0;
				GCC_PREPROCESSOR_DEFINITIONS = (
					"DEBUG=1",
					"$(inherited)",
				);
				GCC_SYMBOLS_PRIVATE_EXTERN = NO;
				GCC_WARN_64_TO_32_BIT_CONVERSION = YES;
				GCC_WARN_ABOUT_RETURN_TYPE = YES_ERROR;
				GCC_WARN_UNDECLARED_SELECTOR = YES;
				GCC_WARN_UNINITIALIZED_AUTOS = YES_AGGRESSIVE;
				GCC_WARN_UNUSED_FUNCTION = YES;
				GCC_WARN_UNUSED_VARIABLE = YES;
				IPHONEOS_DEPLOYMENT_TARGET = 16.0;
				MTL_ENABLE_DEBUG_INFO = YES;
				ONLY_ACTIVE_ARCH = YES;
				SDKROOT = iphoneos;
				SWIFT_OPTIMIZATION_LEVEL = "-Onone";
				SWIFT_VERSION = 5.0;
			};
			name = Debug;
		};
		F843A3BE1B1B04C2008F4505 /* Release */ = {
			isa = XCBuildConfiguration;
			buildSettings = {
				ALWAYS_SEARCH_USER_PATHS = NO;
				CLANG_ANALYZER_LOCALIZABILITY_NONLOCALIZED = YES;
				CLANG_CXX_LANGUAGE_STANDARD = "gnu++0x";
				CLANG_CXX_LIBRARY = "libc++";
				CLANG_ENABLE_MODULES = YES;
				CLANG_ENABLE_OBJC_ARC = YES;
				CLANG_WARN_BLOCK_CAPTURE_AUTORELEASING = YES;
				CLANG_WARN_BOOL_CONVERSION = YES;
				CLANG_WARN_COMMA = YES;
				CLANG_WARN_CONSTANT_CONVERSION = YES;
				CLANG_WARN_DEPRECATED_OBJC_IMPLEMENTATIONS = YES;
				CLANG_WARN_DIRECT_OBJC_ISA_USAGE = YES_ERROR;
				CLANG_WARN_EMPTY_BODY = YES;
				CLANG_WARN_ENUM_CONVERSION = YES;
				CLANG_WARN_INFINITE_RECURSION = YES;
				CLANG_WARN_INT_CONVERSION = YES;
				CLANG_WARN_NON_LITERAL_NULL_CONVERSION = YES;
				CLANG_WARN_OBJC_IMPLICIT_RETAIN_SELF = YES;
				CLANG_WARN_OBJC_LITERAL_CONVERSION = YES;
				CLANG_WARN_OBJC_ROOT_CLASS = YES_ERROR;
				CLANG_WARN_RANGE_LOOP_ANALYSIS = YES;
				CLANG_WARN_STRICT_PROTOTYPES = YES;
				CLANG_WARN_SUSPICIOUS_MOVE = YES;
				CLANG_WARN_UNREACHABLE_CODE = YES;
				CLANG_WARN__DUPLICATE_METHOD_MATCH = YES;
				"CODE_SIGN_IDENTITY[sdk=iphoneos*]" = "iPhone Developer";
				COPY_PHASE_STRIP = NO;
				DEBUG_INFORMATION_FORMAT = "dwarf-with-dsym";
				ENABLE_NS_ASSERTIONS = NO;
				ENABLE_STRICT_OBJC_MSGSEND = YES;
				GCC_C_LANGUAGE_STANDARD = gnu99;
				GCC_NO_COMMON_BLOCKS = YES;
				GCC_WARN_64_TO_32_BIT_CONVERSION = YES;
				GCC_WARN_ABOUT_RETURN_TYPE = YES_ERROR;
				GCC_WARN_UNDECLARED_SELECTOR = YES;
				GCC_WARN_UNINITIALIZED_AUTOS = YES_AGGRESSIVE;
				GCC_WARN_UNUSED_FUNCTION = YES;
				GCC_WARN_UNUSED_VARIABLE = YES;
				IPHONEOS_DEPLOYMENT_TARGET = 16.0;
				MTL_ENABLE_DEBUG_INFO = NO;
				SDKROOT = iphoneos;
				SWIFT_OPTIMIZATION_LEVEL = "-Owholemodule";
				SWIFT_VERSION = 5.0;
				VALIDATE_PRODUCT = YES;
			};
			name = Release;
		};
		F843A3C01B1B04C2008F4505 /* Debug */ = {
			isa = XCBuildConfiguration;
			baseConfigurationReference = CCD40C0E70C3A27B45E7747D /* Pods-Tajma.debug.xcconfig */;
			buildSettings = {
				ALWAYS_EMBED_SWIFT_STANDARD_LIBRARIES = YES;
				ASSETCATALOG_COMPILER_APPICON_NAME = AppIcon;
				CODE_SIGN_ENTITLEMENTS = Tajma/Tajma.entitlements;
				CODE_SIGN_IDENTITY = "Apple Development";
				CODE_SIGN_STYLE = Automatic;
				CURRENT_PROJECT_VERSION = 8;
				DEVELOPMENT_TEAM = 7XDMTA49ZT;
				EXCLUDED_SOURCE_FOLDER_NAMES = .git;
				FRAMEWORK_SEARCH_PATHS = (
					"$(inherited)",
					"$(PROJECT_DIR)",
				);
				INFOPLIST_FILE = Tajma/Info.plist;
				IPHONEOS_DEPLOYMENT_TARGET = 17.6;
				LD_RUNPATH_SEARCH_PATHS = "$(inherited) @executable_path/Frameworks";
				MARKETING_VERSION = 1.4;
				PRODUCT_BUNDLE_IDENTIFIER = com.golazo.tajma;
				PRODUCT_NAME = "$(TARGET_NAME)";
				PROVISIONING_PROFILE = "8038f91d-c7be-44f2-8fad-944cc6e81856";
				PROVISIONING_PROFILE_SPECIFIER = "";
				SWIFT_OBJC_BRIDGING_HEADER = "Tajma/Bridging-Header.h";
				SWIFT_VERSION = 5.0;
				TARGETED_DEVICE_FAMILY = "1,2";
			};
			name = Debug;
		};
		F843A3C11B1B04C2008F4505 /* Release */ = {
			isa = XCBuildConfiguration;
			baseConfigurationReference = 14C5110378237B0D9C445609 /* Pods-Tajma.release.xcconfig */;
			buildSettings = {
				ALWAYS_EMBED_SWIFT_STANDARD_LIBRARIES = YES;
				ASSETCATALOG_COMPILER_APPICON_NAME = AppIcon;
				CODE_SIGN_ENTITLEMENTS = Tajma/Tajma.entitlements;
				CODE_SIGN_IDENTITY = "Apple Development";
				CODE_SIGN_STYLE = Automatic;
				CURRENT_PROJECT_VERSION = 8;
				DEVELOPMENT_TEAM = 7XDMTA49ZT;
				EXCLUDED_SOURCE_FOLDER_NAMES = .git;
				FRAMEWORK_SEARCH_PATHS = (
					"$(inherited)",
					"$(PROJECT_DIR)",
				);
				INFOPLIST_FILE = Tajma/Info.plist;
				IPHONEOS_DEPLOYMENT_TARGET = 17.6;
				LD_RUNPATH_SEARCH_PATHS = "$(inherited) @executable_path/Frameworks";
				MARKETING_VERSION = 1.4;
				"MTL_ENABLE_DEBUG_INFO[arch=*]" = NO;
				PRODUCT_BUNDLE_IDENTIFIER = com.golazo.tajma;
				PRODUCT_NAME = "$(TARGET_NAME)";
				PROVISIONING_PROFILE = "5e2bbbb7-d41b-4972-aca8-fff5e970a9e5";
				PROVISIONING_PROFILE_SPECIFIER = "";
				SWIFT_OBJC_BRIDGING_HEADER = "Tajma/Bridging-Header.h";
				SWIFT_VERSION = 5.0;
				TARGETED_DEVICE_FAMILY = "1,2";
			};
			name = Release;
		};
/* End XCBuildConfiguration section */

/* Begin XCConfigurationList section */
		F80667641B1E5CA100A26B5D /* Build configuration list for PBXNativeTarget "TajmaWidget" */ = {
			isa = XCConfigurationList;
			buildConfigurations = (
				F80667651B1E5CA100A26B5D /* Debug */,
				F80667661B1E5CA100A26B5D /* Release */,
			);
			defaultConfigurationIsVisible = 0;
			defaultConfigurationName = Release;
		};
		F843A3981B1B04C2008F4505 /* Build configuration list for PBXProject "Tajma" */ = {
			isa = XCConfigurationList;
			buildConfigurations = (
				F843A3BD1B1B04C2008F4505 /* Debug */,
				F843A3BE1B1B04C2008F4505 /* Release */,
			);
			defaultConfigurationIsVisible = 0;
			defaultConfigurationName = Release;
		};
		F843A3BF1B1B04C2008F4505 /* Build configuration list for PBXNativeTarget "Tajma" */ = {
			isa = XCConfigurationList;
			buildConfigurations = (
				F843A3C01B1B04C2008F4505 /* Debug */,
				F843A3C11B1B04C2008F4505 /* Release */,
			);
			defaultConfigurationIsVisible = 0;
			defaultConfigurationName = Release;
		};
/* End XCConfigurationList section */

/* Begin XCVersionGroup section */
		F843A3A41B1B04C2008F4505 /* Tajma.xcdatamodeld */ = {
			isa = XCVersionGroup;
			children = (
				F843A3A51B1B04C2008F4505 /* Tajma.xcdatamodel */,
			);
			currentVersion = F843A3A51B1B04C2008F4505 /* Tajma.xcdatamodel */;
			path = Tajma.xcdatamodeld;
			sourceTree = "<group>";
			versionGroupType = wrapper.xcdatamodel;
		};
/* End XCVersionGroup section */
	};
	rootObject = F843A3951B1B04C2008F4505 /* Project object */;
}
