// !$*UTF8*$!
{
	archiveVersion = 1;
	classes = {
	};
	objectVersion = 46;
	objects = {

/* Begin PBXBuildFile section */
		F80667511B1D157C00A26B5D /* UIColor.swift in Sources */ = {isa = PBXBuildFile; fileRef = F80667501B1D157C00A26B5D /* UIColor.swift */; };
		F80667591B1E5CA100A26B5D /* NotificationCenter.framework in Frameworks */ = {isa = PBXBuildFile; fileRef = F80667581B1E5CA100A26B5D /* NotificationCenter.framework */; };
		F806675E1B1E5CA100A26B5D /* TodayViewController.swift in Sources */ = {isa = PBXBuildFile; fileRef = F806675D1B1E5CA100A26B5D /* TodayViewController.swift */; };
		F80667601B1E5CA100A26B5D /* MainInterface.storyboard in Resources */ = {isa = PBXBuildFile; fileRef = F806675F1B1E5CA100A26B5D /* MainInterface.storyboard */; };
		F80667631B1E5CA100A26B5D /* TajmaToday.appex in Embed App Extensions */ = {isa = PBXBuildFile; fileRef = F80667561B1E5CA100A26B5D /* TajmaToday.appex */; settings = {ATTRIBUTES = (RemoveHeadersOnCopy, ); }; };
		F80667691B1E5CDD00A26B5D /* libsqlite3.0.dylib in Frameworks */ = {isa = PBXBuildFile; fileRef = F87AFE911B1B911600D3DAFC /* libsqlite3.0.dylib */; };
		F806676B1B1E5D7200A26B5D /* DBService.swift in Sources */ = {isa = PBXBuildFile; fileRef = F87AFE671B1B8A0E00D3DAFC /* DBService.swift */; };
		F806676C1B1E5D7200A26B5D /* LineService.swift in Sources */ = {isa = PBXBuildFile; fileRef = F87AFE881B1B906400D3DAFC /* LineService.swift */; };
		F806676D1B1E5D7200A26B5D /* RestApiService.swift in Sources */ = {isa = PBXBuildFile; fileRef = F87AFE891B1B906400D3DAFC /* RestApiService.swift */; };
		F806676E1B1E5D7200A26B5D /* StopService.swift in Sources */ = {isa = PBXBuildFile; fileRef = F87AFE8A1B1B906400D3DAFC /* StopService.swift */; };
		F806676F1B1E5D7200A26B5D /* SwiftyJSONService.swift in Sources */ = {isa = PBXBuildFile; fileRef = F87AFE8B1B1B906400D3DAFC /* SwiftyJSONService.swift */; };
		F80667701B1E5D7900A26B5D /* Departure.swift in Sources */ = {isa = PBXBuildFile; fileRef = F87AFE701B1B902400D3DAFC /* Departure.swift */; };
		F80667711B1E5D7900A26B5D /* LineAtStopToday.swift in Sources */ = {isa = PBXBuildFile; fileRef = F87AFE711B1B902400D3DAFC /* LineAtStopToday.swift */; };
		F80667721B1E5D7900A26B5D /* TodayLabel.swift in Sources */ = {isa = PBXBuildFile; fileRef = F87AFE721B1B902400D3DAFC /* TodayLabel.swift */; };
		F80667731B1E5D7900A26B5D /* CheckBox.swift in Sources */ = {isa = PBXBuildFile; fileRef = F87AFE761B1B903F00D3DAFC /* CheckBox.swift */; };
		F80667741B1E5D7900A26B5D /* Global.swift in Sources */ = {isa = PBXBuildFile; fileRef = F87AFE771B1B903F00D3DAFC /* Global.swift */; };
		F80667751B1E5D7900A26B5D /* Line.swift in Sources */ = {isa = PBXBuildFile; fileRef = F87AFE781B1B903F00D3DAFC /* Line.swift */; };
		F80667761B1E5D7900A26B5D /* LinesAtStop.swift in Sources */ = {isa = PBXBuildFile; fileRef = F87AFE791B1B903F00D3DAFC /* LinesAtStop.swift */; };
		F80667771B1E5D7900A26B5D /* PhoneSize.swift in Sources */ = {isa = PBXBuildFile; fileRef = F87AFE7B1B1B903F00D3DAFC /* PhoneSize.swift */; };
		F80667781B1E5D7900A26B5D /* Stop.swift in Sources */ = {isa = PBXBuildFile; fileRef = F87AFE7C1B1B903F00D3DAFC /* Stop.swift */; };
		F80667791B1E5D7900A26B5D /* StopLine.swift in Sources */ = {isa = PBXBuildFile; fileRef = F87AFE7D1B1B903F00D3DAFC /* StopLine.swift */; };
		F806677A1B1E5D7900A26B5D /* LineWrapper.swift in Sources */ = {isa = PBXBuildFile; fileRef = F87AFE941B1BB2F100D3DAFC /* LineWrapper.swift */; };
		F806677B1B1E5D7900A26B5D /* StopWrapper.swift in Sources */ = {isa = PBXBuildFile; fileRef = F87AFE951B1BB2F100D3DAFC /* StopWrapper.swift */; };
		F806677C1B1E5D9800A26B5D /* SQLiteDB.swift in Sources */ = {isa = PBXBuildFile; fileRef = F87AFE6B1B1B8FBA00D3DAFC /* SQLiteDB.swift */; };
		F806677D1B1E5D9800A26B5D /* String-Extras.swift in Sources */ = {isa = PBXBuildFile; fileRef = F87AFE6C1B1B8FBA00D3DAFC /* String-Extras.swift */; };
		F806677F1B1E5DC600A26B5D /* DepartureService.swift in Sources */ = {isa = PBXBuildFile; fileRef = F806677E1B1E5DC600A26B5D /* DepartureService.swift */; };
		F818619F1B41D52A005DDA3A /* DeviceService.swift in Sources */ = {isa = PBXBuildFile; fileRef = F818619E1B41D52A005DDA3A /* DeviceService.swift */; };
		F81861A01B41D52A005DDA3A /* DeviceService.swift in Sources */ = {isa = PBXBuildFile; fileRef = F818619E1B41D52A005DDA3A /* DeviceService.swift */; };
		F81861A11B41D52A005DDA3A /* DeviceService.swift in Sources */ = {isa = PBXBuildFile; fileRef = F818619E1B41D52A005DDA3A /* DeviceService.swift */; };
		F843A3A31B1B04C2008F4505 /* AppDelegate.swift in Sources */ = {isa = PBXBuildFile; fileRef = F843A3A21B1B04C2008F4505 /* AppDelegate.swift */; };
		F843A3A61B1B04C2008F4505 /* Tajma.xcdatamodeld in Sources */ = {isa = PBXBuildFile; fileRef = F843A3A41B1B04C2008F4505 /* Tajma.xcdatamodeld */; };
		F843A3A81B1B04C2008F4505 /* ViewController.swift in Sources */ = {isa = PBXBuildFile; fileRef = F843A3A71B1B04C2008F4505 /* ViewController.swift */; };
		F843A3AB1B1B04C2008F4505 /* Main.storyboard in Resources */ = {isa = PBXBuildFile; fileRef = F843A3A91B1B04C2008F4505 /* Main.storyboard */; };
		F843A3AD1B1B04C2008F4505 /* Images.xcassets in Resources */ = {isa = PBXBuildFile; fileRef = F843A3AC1B1B04C2008F4505 /* Images.xcassets */; };
		F843A3B01B1B04C2008F4505 /* LaunchScreen.xib in Resources */ = {isa = PBXBuildFile; fileRef = F843A3AE1B1B04C2008F4505 /* LaunchScreen.xib */; };
		F843A3BC1B1B04C2008F4505 /* TajmaTests.swift in Sources */ = {isa = PBXBuildFile; fileRef = F843A3BB1B1B04C2008F4505 /* TajmaTests.swift */; };
		F843A3C61B1B066B008F4505 /* LinesViewController.swift in Sources */ = {isa = PBXBuildFile; fileRef = F843A3C51B1B066B008F4505 /* LinesViewController.swift */; };
		F87257351B3F2D5E006CBDA8 /* InterfaceController.swift in Sources */ = {isa = PBXBuildFile; fileRef = F87257341B3F2D5E006CBDA8 /* InterfaceController.swift */; };
		F87257371B3F2D5E006CBDA8 /* Images.xcassets in Resources */ = {isa = PBXBuildFile; fileRef = F87257361B3F2D5E006CBDA8 /* Images.xcassets */; };
		F872573B1B3F2D5E006CBDA8 /* Tajma WatchKit App.app in Resources */ = {isa = PBXBuildFile; fileRef = F872573A1B3F2D5E006CBDA8 /* Tajma WatchKit App.app */; };
		F87257431B3F2D5E006CBDA8 /* Interface.storyboard in Resources */ = {isa = PBXBuildFile; fileRef = F87257411B3F2D5E006CBDA8 /* Interface.storyboard */; };
		F87257451B3F2D5E006CBDA8 /* Images.xcassets in Resources */ = {isa = PBXBuildFile; fileRef = F87257441B3F2D5E006CBDA8 /* Images.xcassets */; };
		F87257481B3F2D5E006CBDA8 /* Tajma WatchKit Extension.appex in Embed App Extensions */ = {isa = PBXBuildFile; fileRef = F87257301B3F2D5D006CBDA8 /* Tajma WatchKit Extension.appex */; settings = {ATTRIBUTES = (RemoveHeadersOnCopy, ); }; };
		F87257501B3F2DB0006CBDA8 /* libsqlite3.0.dylib in Frameworks */ = {isa = PBXBuildFile; fileRef = F87AFE911B1B911600D3DAFC /* libsqlite3.0.dylib */; };
		F87257531B3F2DEE006CBDA8 /* DBService.swift in Sources */ = {isa = PBXBuildFile; fileRef = F87AFE671B1B8A0E00D3DAFC /* DBService.swift */; };
		F87257541B3F2E08006CBDA8 /* SQLiteDB.swift in Sources */ = {isa = PBXBuildFile; fileRef = F87AFE6B1B1B8FBA00D3DAFC /* SQLiteDB.swift */; };
		F87257551B3F2E08006CBDA8 /* String-Extras.swift in Sources */ = {isa = PBXBuildFile; fileRef = F87AFE6C1B1B8FBA00D3DAFC /* String-Extras.swift */; };
		F87257561B3F2E19006CBDA8 /* Stop.swift in Sources */ = {isa = PBXBuildFile; fileRef = F87AFE7C1B1B903F00D3DAFC /* Stop.swift */; };
		F87257571B3F2E21006CBDA8 /* CheckBox.swift in Sources */ = {isa = PBXBuildFile; fileRef = F87AFE761B1B903F00D3DAFC /* CheckBox.swift */; };
		F87257581B3F2E21006CBDA8 /* Departure.swift in Sources */ = {isa = PBXBuildFile; fileRef = F87AFE701B1B902400D3DAFC /* Departure.swift */; };
		F87257591B3F2E21006CBDA8 /* Global.swift in Sources */ = {isa = PBXBuildFile; fileRef = F87AFE771B1B903F00D3DAFC /* Global.swift */; };
		F872575A1B3F2E21006CBDA8 /* Line.swift in Sources */ = {isa = PBXBuildFile; fileRef = F87AFE781B1B903F00D3DAFC /* Line.swift */; };
		F872575B1B3F2E21006CBDA8 /* LineAtStopToday.swift in Sources */ = {isa = PBXBuildFile; fileRef = F87AFE711B1B902400D3DAFC /* LineAtStopToday.swift */; };
		F872575C1B3F2E21006CBDA8 /* LinesAtStop.swift in Sources */ = {isa = PBXBuildFile; fileRef = F87AFE791B1B903F00D3DAFC /* LinesAtStop.swift */; };
		F872575D1B3F2E21006CBDA8 /* LineWrapper.swift in Sources */ = {isa = PBXBuildFile; fileRef = F87AFE941B1BB2F100D3DAFC /* LineWrapper.swift */; };
		F872575E1B3F2E21006CBDA8 /* PhoneSize.swift in Sources */ = {isa = PBXBuildFile; fileRef = F87AFE7B1B1B903F00D3DAFC /* PhoneSize.swift */; };
		F872575F1B3F2E21006CBDA8 /* StopLine.swift in Sources */ = {isa = PBXBuildFile; fileRef = F87AFE7D1B1B903F00D3DAFC /* StopLine.swift */; };
		F87257601B3F2E21006CBDA8 /* StopWrapper.swift in Sources */ = {isa = PBXBuildFile; fileRef = F87AFE951B1BB2F100D3DAFC /* StopWrapper.swift */; };
		F87257611B3F2E21006CBDA8 /* TodayLabel.swift in Sources */ = {isa = PBXBuildFile; fileRef = F87AFE721B1B902400D3DAFC /* TodayLabel.swift */; };
		F87257621B3F2E2D006CBDA8 /* DepartureService.swift in Sources */ = {isa = PBXBuildFile; fileRef = F806677E1B1E5DC600A26B5D /* DepartureService.swift */; };
		F87257631B3F2E2D006CBDA8 /* LineService.swift in Sources */ = {isa = PBXBuildFile; fileRef = F87AFE881B1B906400D3DAFC /* LineService.swift */; };
		F87257641B3F2E2D006CBDA8 /* RestApiService.swift in Sources */ = {isa = PBXBuildFile; fileRef = F87AFE891B1B906400D3DAFC /* RestApiService.swift */; };
		F87257651B3F2E2D006CBDA8 /* StopService.swift in Sources */ = {isa = PBXBuildFile; fileRef = F87AFE8A1B1B906400D3DAFC /* StopService.swift */; };
		F87257661B3F2E2D006CBDA8 /* SwiftyJSONService.swift in Sources */ = {isa = PBXBuildFile; fileRef = F87AFE8B1B1B906400D3DAFC /* SwiftyJSONService.swift */; };
		F87257691B3F3198006CBDA8 /* Info.swift in Sources */ = {isa = PBXBuildFile; fileRef = F8E081001B35B1D000A96A45 /* Info.swift */; };
		F872576A1B3F3198006CBDA8 /* Row.swift in Sources */ = {isa = PBXBuildFile; fileRef = F88F545B1B38AB3000F0D402 /* Row.swift */; };
		F872576C1B3F3391006CBDA8 /* DataRowController.swift in Sources */ = {isa = PBXBuildFile; fileRef = F872576B1B3F3391006CBDA8 /* DataRowController.swift */; };
		F87AFE681B1B8A0F00D3DAFC /* DBService.swift in Sources */ = {isa = PBXBuildFile; fileRef = F87AFE671B1B8A0E00D3DAFC /* DBService.swift */; };
		F87AFE6D1B1B8FBA00D3DAFC /* SQLiteDB.swift in Sources */ = {isa = PBXBuildFile; fileRef = F87AFE6B1B1B8FBA00D3DAFC /* SQLiteDB.swift */; };
		F87AFE6E1B1B8FBA00D3DAFC /* String-Extras.swift in Sources */ = {isa = PBXBuildFile; fileRef = F87AFE6C1B1B8FBA00D3DAFC /* String-Extras.swift */; };
		F87AFE731B1B902400D3DAFC /* Departure.swift in Sources */ = {isa = PBXBuildFile; fileRef = F87AFE701B1B902400D3DAFC /* Departure.swift */; };
		F87AFE741B1B902400D3DAFC /* LineAtStopToday.swift in Sources */ = {isa = PBXBuildFile; fileRef = F87AFE711B1B902400D3DAFC /* LineAtStopToday.swift */; };
		F87AFE751B1B902400D3DAFC /* TodayLabel.swift in Sources */ = {isa = PBXBuildFile; fileRef = F87AFE721B1B902400D3DAFC /* TodayLabel.swift */; };
		F87AFE7F1B1B903F00D3DAFC /* CheckBox.swift in Sources */ = {isa = PBXBuildFile; fileRef = F87AFE761B1B903F00D3DAFC /* CheckBox.swift */; };
		F87AFE801B1B903F00D3DAFC /* Global.swift in Sources */ = {isa = PBXBuildFile; fileRef = F87AFE771B1B903F00D3DAFC /* Global.swift */; };
		F87AFE811B1B903F00D3DAFC /* Line.swift in Sources */ = {isa = PBXBuildFile; fileRef = F87AFE781B1B903F00D3DAFC /* Line.swift */; };
		F87AFE821B1B903F00D3DAFC /* LinesAtStop.swift in Sources */ = {isa = PBXBuildFile; fileRef = F87AFE791B1B903F00D3DAFC /* LinesAtStop.swift */; };
		F87AFE841B1B903F00D3DAFC /* PhoneSize.swift in Sources */ = {isa = PBXBuildFile; fileRef = F87AFE7B1B1B903F00D3DAFC /* PhoneSize.swift */; };
		F87AFE851B1B903F00D3DAFC /* Stop.swift in Sources */ = {isa = PBXBuildFile; fileRef = F87AFE7C1B1B903F00D3DAFC /* Stop.swift */; };
		F87AFE861B1B903F00D3DAFC /* StopLine.swift in Sources */ = {isa = PBXBuildFile; fileRef = F87AFE7D1B1B903F00D3DAFC /* StopLine.swift */; };
		F87AFE8C1B1B906400D3DAFC /* LineService.swift in Sources */ = {isa = PBXBuildFile; fileRef = F87AFE881B1B906400D3DAFC /* LineService.swift */; };
		F87AFE8D1B1B906400D3DAFC /* RestApiService.swift in Sources */ = {isa = PBXBuildFile; fileRef = F87AFE891B1B906400D3DAFC /* RestApiService.swift */; };
		F87AFE8E1B1B906400D3DAFC /* StopService.swift in Sources */ = {isa = PBXBuildFile; fileRef = F87AFE8A1B1B906400D3DAFC /* StopService.swift */; };
		F87AFE8F1B1B906400D3DAFC /* SwiftyJSONService.swift in Sources */ = {isa = PBXBuildFile; fileRef = F87AFE8B1B1B906400D3DAFC /* SwiftyJSONService.swift */; };
		F87AFE921B1B911600D3DAFC /* libsqlite3.0.dylib in Frameworks */ = {isa = PBXBuildFile; fileRef = F87AFE911B1B911600D3DAFC /* libsqlite3.0.dylib */; };
		F87AFE961B1BB2F100D3DAFC /* LineWrapper.swift in Sources */ = {isa = PBXBuildFile; fileRef = F87AFE941B1BB2F100D3DAFC /* LineWrapper.swift */; };
		F87AFE971B1BB2F100D3DAFC /* StopWrapper.swift in Sources */ = {isa = PBXBuildFile; fileRef = F87AFE951B1BB2F100D3DAFC /* StopWrapper.swift */; };
		F87B99941B24CF0C0082A541 /* DeviceCheckera.swift in Sources */ = {isa = PBXBuildFile; fileRef = F87B99931B24CF0C0082A541 /* DeviceCheckera.swift */; };
		F88F545C1B38AB3000F0D402 /* Row.swift in Sources */ = {isa = PBXBuildFile; fileRef = F88F545B1B38AB3000F0D402 /* Row.swift */; };
		F88F545D1B38AE5E00F0D402 /* Row.swift in Sources */ = {isa = PBXBuildFile; fileRef = F88F545B1B38AB3000F0D402 /* Row.swift */; };
		F8B511691B22FA0400388866 /* UIColor.swift in Sources */ = {isa = PBXBuildFile; fileRef = F80667501B1D157C00A26B5D /* UIColor.swift */; };
		F8E080FD1B35A28E00A96A45 /* InfoViewController.swift in Sources */ = {isa = PBXBuildFile; fileRef = F8E080FC1B35A28E00A96A45 /* InfoViewController.swift */; };
		F8E080FE1B35B06000A96A45 /* DeviceCheckera.swift in Sources */ = {isa = PBXBuildFile; fileRef = F87B99931B24CF0C0082A541 /* DeviceCheckera.swift */; };
		F8E081011B35B1D000A96A45 /* Info.swift in Sources */ = {isa = PBXBuildFile; fileRef = F8E081001B35B1D000A96A45 /* Info.swift */; };
		F8F6E0AC1B3F410B005CCEBF /* UIColor.swift in Sources */ = {isa = PBXBuildFile; fileRef = F80667501B1D157C00A26B5D /* UIColor.swift */; };
		F8F6E0AD1B3F410B005CCEBF /* DeviceCheckera.swift in Sources */ = {isa = PBXBuildFile; fileRef = F87B99931B24CF0C0082A541 /* DeviceCheckera.swift */; };
/* End PBXBuildFile section */

/* Begin PBXContainerItemProxy section */
		F80667611B1E5CA100A26B5D /* PBXContainerItemProxy */ = {
			isa = PBXContainerItemProxy;
			containerPortal = F843A3951B1B04C2008F4505 /* Project object */;
			proxyType = 1;
			remoteGlobalIDString = F80667551B1E5CA100A26B5D;
			remoteInfo = TajmaToday;
		};
		F843A3B61B1B04C2008F4505 /* PBXContainerItemProxy */ = {
			isa = PBXContainerItemProxy;
			containerPortal = F843A3951B1B04C2008F4505 /* Project object */;
			proxyType = 1;
			remoteGlobalIDString = F843A39C1B1B04C2008F4505;
			remoteInfo = Tajma;
		};
		F872573C1B3F2D5E006CBDA8 /* PBXContainerItemProxy */ = {
			isa = PBXContainerItemProxy;
			containerPortal = F843A3951B1B04C2008F4505 /* Project object */;
			proxyType = 1;
			remoteGlobalIDString = F87257391B3F2D5E006CBDA8;
			remoteInfo = "Tajma WatchKit App";
		};
		F87257461B3F2D5E006CBDA8 /* PBXContainerItemProxy */ = {
			isa = PBXContainerItemProxy;
			containerPortal = F843A3951B1B04C2008F4505 /* Project object */;
			proxyType = 1;
			remoteGlobalIDString = F872572F1B3F2D5D006CBDA8;
			remoteInfo = "Tajma WatchKit Extension";
		};
/* End PBXContainerItemProxy section */

/* Begin PBXCopyFilesBuildPhase section */
		F80667671B1E5CA100A26B5D /* Embed App Extensions */ = {
			isa = PBXCopyFilesBuildPhase;
			buildActionMask = 2147483647;
			dstPath = "";
			dstSubfolderSpec = 13;
			files = (
				F80667631B1E5CA100A26B5D /* TajmaToday.appex in Embed App Extensions */,
				F87257481B3F2D5E006CBDA8 /* Tajma WatchKit Extension.appex in Embed App Extensions */,
			);
			name = "Embed App Extensions";
			runOnlyForDeploymentPostprocessing = 0;
		};
/* End PBXCopyFilesBuildPhase section */

/* Begin PBXFileReference section */
		F80667501B1D157C00A26B5D /* UIColor.swift */ = {isa = PBXFileReference; fileEncoding = 4; lastKnownFileType = sourcecode.swift; path = UIColor.swift; sourceTree = "<group>"; };
		F80667561B1E5CA100A26B5D /* TajmaToday.appex */ = {isa = PBXFileReference; explicitFileType = "wrapper.app-extension"; includeInIndex = 0; path = TajmaToday.appex; sourceTree = BUILT_PRODUCTS_DIR; };
		F80667581B1E5CA100A26B5D /* NotificationCenter.framework */ = {isa = PBXFileReference; lastKnownFileType = wrapper.framework; name = NotificationCenter.framework; path = System/Library/Frameworks/NotificationCenter.framework; sourceTree = SDKROOT; };
		F806675C1B1E5CA100A26B5D /* Info.plist */ = {isa = PBXFileReference; lastKnownFileType = text.plist.xml; path = Info.plist; sourceTree = "<group>"; };
		F806675D1B1E5CA100A26B5D /* TodayViewController.swift */ = {isa = PBXFileReference; lastKnownFileType = sourcecode.swift; path = TodayViewController.swift; sourceTree = "<group>"; };
		F806675F1B1E5CA100A26B5D /* MainInterface.storyboard */ = {isa = PBXFileReference; lastKnownFileType = file.storyboard; path = MainInterface.storyboard; sourceTree = "<group>"; };
		F80667681B1E5CBA00A26B5D /* TajmaToday.entitlements */ = {isa = PBXFileReference; lastKnownFileType = text.xml; path = TajmaToday.entitlements; sourceTree = "<group>"; };
		F806676A1B1E5D2200A26B5D /* Bridging-Header.h */ = {isa = PBXFileReference; fileEncoding = 4; lastKnownFileType = sourcecode.c.h; path = "Bridging-Header.h"; sourceTree = "<group>"; };
		F806677E1B1E5DC600A26B5D /* DepartureService.swift */ = {isa = PBXFileReference; fileEncoding = 4; lastKnownFileType = sourcecode.swift; path = DepartureService.swift; sourceTree = "<group>"; };
		F818619E1B41D52A005DDA3A /* DeviceService.swift */ = {isa = PBXFileReference; fileEncoding = 4; lastKnownFileType = sourcecode.swift; path = DeviceService.swift; sourceTree = "<group>"; };
		F843A39D1B1B04C2008F4505 /* Tajma.app */ = {isa = PBXFileReference; explicitFileType = wrapper.application; includeInIndex = 0; path = Tajma.app; sourceTree = BUILT_PRODUCTS_DIR; };
		F843A3A11B1B04C2008F4505 /* Info.plist */ = {isa = PBXFileReference; lastKnownFileType = text.plist.xml; path = Info.plist; sourceTree = "<group>"; };
		F843A3A21B1B04C2008F4505 /* AppDelegate.swift */ = {isa = PBXFileReference; lastKnownFileType = sourcecode.swift; path = AppDelegate.swift; sourceTree = "<group>"; };
		F843A3A51B1B04C2008F4505 /* Tajma.xcdatamodel */ = {isa = PBXFileReference; lastKnownFileType = wrapper.xcdatamodel; path = Tajma.xcdatamodel; sourceTree = "<group>"; };
		F843A3A71B1B04C2008F4505 /* ViewController.swift */ = {isa = PBXFileReference; lastKnownFileType = sourcecode.swift; path = ViewController.swift; sourceTree = "<group>"; };
		F843A3AA1B1B04C2008F4505 /* Base */ = {isa = PBXFileReference; lastKnownFileType = file.storyboard; name = Base; path = Base.lproj/Main.storyboard; sourceTree = "<group>"; };
		F843A3AC1B1B04C2008F4505 /* Images.xcassets */ = {isa = PBXFileReference; lastKnownFileType = folder.assetcatalog; path = Images.xcassets; sourceTree = "<group>"; };
		F843A3AF1B1B04C2008F4505 /* Base */ = {isa = PBXFileReference; lastKnownFileType = file.xib; name = Base; path = Base.lproj/LaunchScreen.xib; sourceTree = "<group>"; };
		F843A3B51B1B04C2008F4505 /* TajmaTests.xctest */ = {isa = PBXFileReference; explicitFileType = wrapper.cfbundle; includeInIndex = 0; path = TajmaTests.xctest; sourceTree = BUILT_PRODUCTS_DIR; };
		F843A3BA1B1B04C2008F4505 /* Info.plist */ = {isa = PBXFileReference; lastKnownFileType = text.plist.xml; path = Info.plist; sourceTree = "<group>"; };
		F843A3BB1B1B04C2008F4505 /* TajmaTests.swift */ = {isa = PBXFileReference; lastKnownFileType = sourcecode.swift; path = TajmaTests.swift; sourceTree = "<group>"; };
		F843A3C51B1B066B008F4505 /* LinesViewController.swift */ = {isa = PBXFileReference; fileEncoding = 4; lastKnownFileType = sourcecode.swift; path = LinesViewController.swift; sourceTree = "<group>"; };
		F87257301B3F2D5D006CBDA8 /* Tajma WatchKit Extension.appex */ = {isa = PBXFileReference; explicitFileType = "wrapper.app-extension"; includeInIndex = 0; path = "Tajma WatchKit Extension.appex"; sourceTree = BUILT_PRODUCTS_DIR; };
		F87257331B3F2D5E006CBDA8 /* Info.plist */ = {isa = PBXFileReference; lastKnownFileType = text.plist.xml; path = Info.plist; sourceTree = "<group>"; };
		F87257341B3F2D5E006CBDA8 /* InterfaceController.swift */ = {isa = PBXFileReference; lastKnownFileType = sourcecode.swift; path = InterfaceController.swift; sourceTree = "<group>"; };
		F87257361B3F2D5E006CBDA8 /* Images.xcassets */ = {isa = PBXFileReference; lastKnownFileType = folder.assetcatalog; path = Images.xcassets; sourceTree = "<group>"; };
		F872573A1B3F2D5E006CBDA8 /* Tajma WatchKit App.app */ = {isa = PBXFileReference; explicitFileType = wrapper.application; includeInIndex = 0; path = "Tajma WatchKit App.app"; sourceTree = BUILT_PRODUCTS_DIR; };
		F87257401B3F2D5E006CBDA8 /* Info.plist */ = {isa = PBXFileReference; lastKnownFileType = text.plist.xml; path = Info.plist; sourceTree = "<group>"; };
		F87257421B3F2D5E006CBDA8 /* Base */ = {isa = PBXFileReference; lastKnownFileType = file.storyboard; name = Base; path = Base.lproj/Interface.storyboard; sourceTree = "<group>"; };
		F87257441B3F2D5E006CBDA8 /* Images.xcassets */ = {isa = PBXFileReference; lastKnownFileType = folder.assetcatalog; path = Images.xcassets; sourceTree = "<group>"; };
		F87257521B3F2DE1006CBDA8 /* Tajma WatchKit Extension.entitlements */ = {isa = PBXFileReference; lastKnownFileType = text.xml; path = "Tajma WatchKit Extension.entitlements"; sourceTree = "<group>"; };
		F87257681B3F3161006CBDA8 /* Bridging-Header.h */ = {isa = PBXFileReference; fileEncoding = 4; lastKnownFileType = sourcecode.c.h; path = "Bridging-Header.h"; sourceTree = "<group>"; };
		F872576B1B3F3391006CBDA8 /* DataRowController.swift */ = {isa = PBXFileReference; fileEncoding = 4; lastKnownFileType = sourcecode.swift; path = DataRowController.swift; sourceTree = "<group>"; };
		F87AFE671B1B8A0E00D3DAFC /* DBService.swift */ = {isa = PBXFileReference; fileEncoding = 4; lastKnownFileType = sourcecode.swift; path = DBService.swift; sourceTree = "<group>"; };
		F87AFE6B1B1B8FBA00D3DAFC /* SQLiteDB.swift */ = {isa = PBXFileReference; fileEncoding = 4; lastKnownFileType = sourcecode.swift; path = SQLiteDB.swift; sourceTree = "<group>"; };
		F87AFE6C1B1B8FBA00D3DAFC /* String-Extras.swift */ = {isa = PBXFileReference; fileEncoding = 4; lastKnownFileType = sourcecode.swift; path = "String-Extras.swift"; sourceTree = "<group>"; };
		F87AFE701B1B902400D3DAFC /* Departure.swift */ = {isa = PBXFileReference; fileEncoding = 4; lastKnownFileType = sourcecode.swift; path = Departure.swift; sourceTree = "<group>"; };
		F87AFE711B1B902400D3DAFC /* LineAtStopToday.swift */ = {isa = PBXFileReference; fileEncoding = 4; lastKnownFileType = sourcecode.swift; path = LineAtStopToday.swift; sourceTree = "<group>"; };
		F87AFE721B1B902400D3DAFC /* TodayLabel.swift */ = {isa = PBXFileReference; fileEncoding = 4; lastKnownFileType = sourcecode.swift; path = TodayLabel.swift; sourceTree = "<group>"; };
		F87AFE761B1B903F00D3DAFC /* CheckBox.swift */ = {isa = PBXFileReference; fileEncoding = 4; lastKnownFileType = sourcecode.swift; path = CheckBox.swift; sourceTree = "<group>"; };
		F87AFE771B1B903F00D3DAFC /* Global.swift */ = {isa = PBXFileReference; fileEncoding = 4; lastKnownFileType = sourcecode.swift; path = Global.swift; sourceTree = "<group>"; };
		F87AFE781B1B903F00D3DAFC /* Line.swift */ = {isa = PBXFileReference; fileEncoding = 4; lastKnownFileType = sourcecode.swift; path = Line.swift; sourceTree = "<group>"; };
		F87AFE791B1B903F00D3DAFC /* LinesAtStop.swift */ = {isa = PBXFileReference; fileEncoding = 4; lastKnownFileType = sourcecode.swift; path = LinesAtStop.swift; sourceTree = "<group>"; };
		F87AFE7B1B1B903F00D3DAFC /* PhoneSize.swift */ = {isa = PBXFileReference; fileEncoding = 4; lastKnownFileType = sourcecode.swift; path = PhoneSize.swift; sourceTree = "<group>"; };
		F87AFE7C1B1B903F00D3DAFC /* Stop.swift */ = {isa = PBXFileReference; fileEncoding = 4; lastKnownFileType = sourcecode.swift; path = Stop.swift; sourceTree = "<group>"; };
		F87AFE7D1B1B903F00D3DAFC /* StopLine.swift */ = {isa = PBXFileReference; fileEncoding = 4; lastKnownFileType = sourcecode.swift; path = StopLine.swift; sourceTree = "<group>"; };
		F87AFE881B1B906400D3DAFC /* LineService.swift */ = {isa = PBXFileReference; fileEncoding = 4; lastKnownFileType = sourcecode.swift; path = LineService.swift; sourceTree = "<group>"; };
		F87AFE891B1B906400D3DAFC /* RestApiService.swift */ = {isa = PBXFileReference; fileEncoding = 4; lastKnownFileType = sourcecode.swift; path = RestApiService.swift; sourceTree = "<group>"; };
		F87AFE8A1B1B906400D3DAFC /* StopService.swift */ = {isa = PBXFileReference; fileEncoding = 4; lastKnownFileType = sourcecode.swift; path = StopService.swift; sourceTree = "<group>"; };
		F87AFE8B1B1B906400D3DAFC /* SwiftyJSONService.swift */ = {isa = PBXFileReference; fileEncoding = 4; lastKnownFileType = sourcecode.swift; path = SwiftyJSONService.swift; sourceTree = "<group>"; };
		F87AFE901B1B90AB00D3DAFC /* Bridging-Header.h */ = {isa = PBXFileReference; fileEncoding = 4; lastKnownFileType = sourcecode.c.h; path = "Bridging-Header.h"; sourceTree = "<group>"; };
		F87AFE911B1B911600D3DAFC /* libsqlite3.0.dylib */ = {isa = PBXFileReference; lastKnownFileType = "compiled.mach-o.dylib"; name = libsqlite3.0.dylib; path = usr/lib/libsqlite3.0.dylib; sourceTree = SDKROOT; };
		F87AFE931B1B930700D3DAFC /* Tajma.entitlements */ = {isa = PBXFileReference; lastKnownFileType = text.xml; path = Tajma.entitlements; sourceTree = "<group>"; };
		F87AFE941B1BB2F100D3DAFC /* LineWrapper.swift */ = {isa = PBXFileReference; fileEncoding = 4; lastKnownFileType = sourcecode.swift; path = LineWrapper.swift; sourceTree = "<group>"; };
		F87AFE951B1BB2F100D3DAFC /* StopWrapper.swift */ = {isa = PBXFileReference; fileEncoding = 4; lastKnownFileType = sourcecode.swift; path = StopWrapper.swift; sourceTree = "<group>"; };
		F87B99931B24CF0C0082A541 /* DeviceCheckera.swift */ = {isa = PBXFileReference; fileEncoding = 4; lastKnownFileType = sourcecode.swift; path = DeviceCheckera.swift; sourceTree = "<group>"; };
		F88F545B1B38AB3000F0D402 /* Row.swift */ = {isa = PBXFileReference; fileEncoding = 4; lastKnownFileType = sourcecode.swift; path = Row.swift; sourceTree = "<group>"; };
		F8E080FC1B35A28E00A96A45 /* InfoViewController.swift */ = {isa = PBXFileReference; fileEncoding = 4; lastKnownFileType = sourcecode.swift; path = InfoViewController.swift; sourceTree = "<group>"; };
		F8E081001B35B1D000A96A45 /* Info.swift */ = {isa = PBXFileReference; fileEncoding = 4; lastKnownFileType = sourcecode.swift; path = Info.swift; sourceTree = "<group>"; };
/* End PBXFileReference section */

/* Begin PBXFrameworksBuildPhase section */
		F80667531B1E5CA100A26B5D /* Frameworks */ = {
			isa = PBXFrameworksBuildPhase;
			buildActionMask = 2147483647;
			files = (
				F80667691B1E5CDD00A26B5D /* libsqlite3.0.dylib in Frameworks */,
				F80667591B1E5CA100A26B5D /* NotificationCenter.framework in Frameworks */,
			);
			runOnlyForDeploymentPostprocessing = 0;
		};
		F843A39A1B1B04C2008F4505 /* Frameworks */ = {
			isa = PBXFrameworksBuildPhase;
			buildActionMask = 2147483647;
			files = (
				F87AFE921B1B911600D3DAFC /* libsqlite3.0.dylib in Frameworks */,
			);
			runOnlyForDeploymentPostprocessing = 0;
		};
		F843A3B21B1B04C2008F4505 /* Frameworks */ = {
			isa = PBXFrameworksBuildPhase;
			buildActionMask = 2147483647;
			files = (
			);
			runOnlyForDeploymentPostprocessing = 0;
		};
		F872572D1B3F2D5D006CBDA8 /* Frameworks */ = {
			isa = PBXFrameworksBuildPhase;
			buildActionMask = 2147483647;
			files = (
				F87257501B3F2DB0006CBDA8 /* libsqlite3.0.dylib in Frameworks */,
			);
			runOnlyForDeploymentPostprocessing = 0;
		};
/* End PBXFrameworksBuildPhase section */

/* Begin PBXGroup section */
		F806674F1B1D156E00A26B5D /* Extensions */ = {
			isa = PBXGroup;
			children = (
				F80667501B1D157C00A26B5D /* UIColor.swift */,
				F87B99931B24CF0C0082A541 /* DeviceCheckera.swift */,
			);
			name = Extensions;
			sourceTree = "<group>";
		};
		F80667571B1E5CA100A26B5D /* Frameworks */ = {
			isa = PBXGroup;
			children = (
				F87AFE911B1B911600D3DAFC /* libsqlite3.0.dylib */,
				F80667581B1E5CA100A26B5D /* NotificationCenter.framework */,
			);
			name = Frameworks;
			sourceTree = "<group>";
		};
		F806675A1B1E5CA100A26B5D /* TajmaToday */ = {
			isa = PBXGroup;
			children = (
				F80667681B1E5CBA00A26B5D /* TajmaToday.entitlements */,
				F806675D1B1E5CA100A26B5D /* TodayViewController.swift */,
				F806675F1B1E5CA100A26B5D /* MainInterface.storyboard */,
				F806676A1B1E5D2200A26B5D /* Bridging-Header.h */,
				F806675B1B1E5CA100A26B5D /* Supporting Files */,
			);
			path = TajmaToday;
			sourceTree = "<group>";
		};
		F806675B1B1E5CA100A26B5D /* Supporting Files */ = {
			isa = PBXGroup;
			children = (
				F806675C1B1E5CA100A26B5D /* Info.plist */,
			);
			name = "Supporting Files";
			sourceTree = "<group>";
		};
		F843A3941B1B04C2008F4505 = {
			isa = PBXGroup;
			children = (
				F87AFE661B1B89C100D3DAFC /* Domain */,
				F843A39F1B1B04C2008F4505 /* Tajma */,
				F843A3B81B1B04C2008F4505 /* TajmaTests */,
				F806675A1B1E5CA100A26B5D /* TajmaToday */,
				F87257311B3F2D5E006CBDA8 /* Tajma WatchKit Extension */,
				F872573E1B3F2D5E006CBDA8 /* Tajma WatchKit App */,
				F80667571B1E5CA100A26B5D /* Frameworks */,
				F843A39E1B1B04C2008F4505 /* Products */,
			);
			sourceTree = "<group>";
		};
		F843A39E1B1B04C2008F4505 /* Products */ = {
			isa = PBXGroup;
			children = (
				F843A39D1B1B04C2008F4505 /* Tajma.app */,
				F843A3B51B1B04C2008F4505 /* TajmaTests.xctest */,
				F80667561B1E5CA100A26B5D /* TajmaToday.appex */,
				F87257301B3F2D5D006CBDA8 /* Tajma WatchKit Extension.appex */,
				F872573A1B3F2D5E006CBDA8 /* Tajma WatchKit App.app */,
			);
			name = Products;
			sourceTree = "<group>";
		};
		F843A39F1B1B04C2008F4505 /* Tajma */ = {
			isa = PBXGroup;
			children = (
				F87AFE931B1B930700D3DAFC /* Tajma.entitlements */,
				F843A3A21B1B04C2008F4505 /* AppDelegate.swift */,
				F843A3A71B1B04C2008F4505 /* ViewController.swift */,
				F8E080FC1B35A28E00A96A45 /* InfoViewController.swift */,
				F843A3C51B1B066B008F4505 /* LinesViewController.swift */,
				F843A3A91B1B04C2008F4505 /* Main.storyboard */,
				F843A3AC1B1B04C2008F4505 /* Images.xcassets */,
				F843A3AE1B1B04C2008F4505 /* LaunchScreen.xib */,
				F843A3A41B1B04C2008F4505 /* Tajma.xcdatamodeld */,
				F87AFE901B1B90AB00D3DAFC /* Bridging-Header.h */,
				F843A3A01B1B04C2008F4505 /* Supporting Files */,
			);
			path = Tajma;
			sourceTree = "<group>";
		};
		F843A3A01B1B04C2008F4505 /* Supporting Files */ = {
			isa = PBXGroup;
			children = (
				F843A3A11B1B04C2008F4505 /* Info.plist */,
			);
			name = "Supporting Files";
			sourceTree = "<group>";
		};
		F843A3B81B1B04C2008F4505 /* TajmaTests */ = {
			isa = PBXGroup;
			children = (
				F843A3BB1B1B04C2008F4505 /* TajmaTests.swift */,
				F843A3B91B1B04C2008F4505 /* Supporting Files */,
			);
			path = TajmaTests;
			sourceTree = "<group>";
		};
		F843A3B91B1B04C2008F4505 /* Supporting Files */ = {
			isa = PBXGroup;
			children = (
				F843A3BA1B1B04C2008F4505 /* Info.plist */,
			);
			name = "Supporting Files";
			sourceTree = "<group>";
		};
		F87257311B3F2D5E006CBDA8 /* Tajma WatchKit Extension */ = {
			isa = PBXGroup;
			children = (
				F87257521B3F2DE1006CBDA8 /* Tajma WatchKit Extension.entitlements */,
				F872576B1B3F3391006CBDA8 /* DataRowController.swift */,
				F87257341B3F2D5E006CBDA8 /* InterfaceController.swift */,
				F87257361B3F2D5E006CBDA8 /* Images.xcassets */,
				F87257681B3F3161006CBDA8 /* Bridging-Header.h */,
				F87257321B3F2D5E006CBDA8 /* Supporting Files */,
			);
			path = "Tajma WatchKit Extension";
			sourceTree = "<group>";
		};
		F87257321B3F2D5E006CBDA8 /* Supporting Files */ = {
			isa = PBXGroup;
			children = (
				F87257331B3F2D5E006CBDA8 /* Info.plist */,
			);
			name = "Supporting Files";
			sourceTree = "<group>";
		};
		F872573E1B3F2D5E006CBDA8 /* Tajma WatchKit App */ = {
			isa = PBXGroup;
			children = (
				F87257411B3F2D5E006CBDA8 /* Interface.storyboard */,
				F87257441B3F2D5E006CBDA8 /* Images.xcassets */,
				F872573F1B3F2D5E006CBDA8 /* Supporting Files */,
			);
			path = "Tajma WatchKit App";
			sourceTree = "<group>";
		};
		F872573F1B3F2D5E006CBDA8 /* Supporting Files */ = {
			isa = PBXGroup;
			children = (
				F87257401B3F2D5E006CBDA8 /* Info.plist */,
			);
			name = "Supporting Files";
			sourceTree = "<group>";
		};
		F87AFE661B1B89C100D3DAFC /* Domain */ = {
			isa = PBXGroup;
			children = (
				F8E080FF1B35B1C500A96A45 /* Enum */,
				F806674F1B1D156E00A26B5D /* Extensions */,
				F87AFE6A1B1B8FA300D3DAFC /* DB */,
				F87AFE6F1B1B8FE000D3DAFC /* Models */,
				F87AFE691B1B8F7A00D3DAFC /* Services */,
			);
			name = Domain;
			sourceTree = "<group>";
		};
		F87AFE691B1B8F7A00D3DAFC /* Services */ = {
			isa = PBXGroup;
			children = (
				F87AFE671B1B8A0E00D3DAFC /* DBService.swift */,
				F806677E1B1E5DC600A26B5D /* DepartureService.swift */,
				F87AFE881B1B906400D3DAFC /* LineService.swift */,
				F818619E1B41D52A005DDA3A /* DeviceService.swift */,
				F87AFE891B1B906400D3DAFC /* RestApiService.swift */,
				F87AFE8A1B1B906400D3DAFC /* StopService.swift */,
				F87AFE8B1B1B906400D3DAFC /* SwiftyJSONService.swift */,
			);
			name = Services;
			sourceTree = "<group>";
		};
		F87AFE6A1B1B8FA300D3DAFC /* DB */ = {
			isa = PBXGroup;
			children = (
				F87AFE6B1B1B8FBA00D3DAFC /* SQLiteDB.swift */,
				F87AFE6C1B1B8FBA00D3DAFC /* String-Extras.swift */,
			);
			name = DB;
			sourceTree = "<group>";
		};
		F87AFE6F1B1B8FE000D3DAFC /* Models */ = {
			isa = PBXGroup;
			children = (
				F87AFE761B1B903F00D3DAFC /* CheckBox.swift */,
				F87AFE701B1B902400D3DAFC /* Departure.swift */,
				F87AFE771B1B903F00D3DAFC /* Global.swift */,
				F87AFE781B1B903F00D3DAFC /* Line.swift */,
				F87AFE711B1B902400D3DAFC /* LineAtStopToday.swift */,
				F87AFE791B1B903F00D3DAFC /* LinesAtStop.swift */,
				F87AFE941B1BB2F100D3DAFC /* LineWrapper.swift */,
				F87AFE7B1B1B903F00D3DAFC /* PhoneSize.swift */,
				F87AFE7C1B1B903F00D3DAFC /* Stop.swift */,
				F87AFE7D1B1B903F00D3DAFC /* StopLine.swift */,
				F87AFE951B1BB2F100D3DAFC /* StopWrapper.swift */,
				F87AFE721B1B902400D3DAFC /* TodayLabel.swift */,
			);
			name = Models;
			sourceTree = "<group>";
		};
		F8E080FF1B35B1C500A96A45 /* Enum */ = {
			isa = PBXGroup;
			children = (
				F8E081001B35B1D000A96A45 /* Info.swift */,
				F88F545B1B38AB3000F0D402 /* Row.swift */,
			);
			name = Enum;
			sourceTree = "<group>";
		};
/* End PBXGroup section */

/* Begin PBXNativeTarget section */
		F80667551B1E5CA100A26B5D /* TajmaToday */ = {
			isa = PBXNativeTarget;
			buildConfigurationList = F80667641B1E5CA100A26B5D /* Build configuration list for PBXNativeTarget "TajmaToday" */;
			buildPhases = (
				F80667521B1E5CA100A26B5D /* Sources */,
				F80667531B1E5CA100A26B5D /* Frameworks */,
				F80667541B1E5CA100A26B5D /* Resources */,
			);
			buildRules = (
			);
			dependencies = (
			);
			name = TajmaToday;
			productName = TajmaToday;
			productReference = F80667561B1E5CA100A26B5D /* TajmaToday.appex */;
			productType = "com.apple.product-type.app-extension";
		};
		F843A39C1B1B04C2008F4505 /* Tajma */ = {
			isa = PBXNativeTarget;
			buildConfigurationList = F843A3BF1B1B04C2008F4505 /* Build configuration list for PBXNativeTarget "Tajma" */;
			buildPhases = (
				F843A3991B1B04C2008F4505 /* Sources */,
				F843A39A1B1B04C2008F4505 /* Frameworks */,
				F843A39B1B1B04C2008F4505 /* Resources */,
				F80667671B1E5CA100A26B5D /* Embed App Extensions */,
			);
			buildRules = (
			);
			dependencies = (
				F80667621B1E5CA100A26B5D /* PBXTargetDependency */,
				F87257471B3F2D5E006CBDA8 /* PBXTargetDependency */,
			);
			name = Tajma;
			productName = Tajma;
			productReference = F843A39D1B1B04C2008F4505 /* Tajma.app */;
			productType = "com.apple.product-type.application";
		};
		F843A3B41B1B04C2008F4505 /* TajmaTests */ = {
			isa = PBXNativeTarget;
			buildConfigurationList = F843A3C21B1B04C2008F4505 /* Build configuration list for PBXNativeTarget "TajmaTests" */;
			buildPhases = (
				F843A3B11B1B04C2008F4505 /* Sources */,
				F843A3B21B1B04C2008F4505 /* Frameworks */,
				F843A3B31B1B04C2008F4505 /* Resources */,
			);
			buildRules = (
			);
			dependencies = (
				F843A3B71B1B04C2008F4505 /* PBXTargetDependency */,
			);
			name = TajmaTests;
			productName = TajmaTests;
			productReference = F843A3B51B1B04C2008F4505 /* TajmaTests.xctest */;
			productType = "com.apple.product-type.bundle.unit-test";
		};
		F872572F1B3F2D5D006CBDA8 /* Tajma WatchKit Extension */ = {
			isa = PBXNativeTarget;
			buildConfigurationList = F872574E1B3F2D5E006CBDA8 /* Build configuration list for PBXNativeTarget "Tajma WatchKit Extension" */;
			buildPhases = (
				F872572C1B3F2D5D006CBDA8 /* Sources */,
				F872572D1B3F2D5D006CBDA8 /* Frameworks */,
				F872572E1B3F2D5D006CBDA8 /* Resources */,
			);
			buildRules = (
			);
			dependencies = (
				F872573D1B3F2D5E006CBDA8 /* PBXTargetDependency */,
			);
			name = "Tajma WatchKit Extension";
			productName = "Tajma WatchKit Extension";
			productReference = F87257301B3F2D5D006CBDA8 /* Tajma WatchKit Extension.appex */;
			productType = "com.apple.product-type.watchkit-extension";
		};
		F87257391B3F2D5E006CBDA8 /* Tajma WatchKit App */ = {
			isa = PBXNativeTarget;
			buildConfigurationList = F872574D1B3F2D5E006CBDA8 /* Build configuration list for PBXNativeTarget "Tajma WatchKit App" */;
			buildPhases = (
				F87257381B3F2D5E006CBDA8 /* Resources */,
			);
			buildRules = (
			);
			dependencies = (
			);
			name = "Tajma WatchKit App";
			productName = "Tajma WatchKit App";
			productReference = F872573A1B3F2D5E006CBDA8 /* Tajma WatchKit App.app */;
			productType = "com.apple.product-type.application.watchapp";
		};
/* End PBXNativeTarget section */

/* Begin PBXProject section */
		F843A3951B1B04C2008F4505 /* Project object */ = {
			isa = PBXProject;
			attributes = {
				LastUpgradeCheck = 0630;
				ORGANIZATIONNAME = "Rashwan Lazkani";
				TargetAttributes = {
					F80667551B1E5CA100A26B5D = {
						CreatedOnToolsVersion = 6.3.2;
						DevelopmentTeam = 7XDMTA49ZT;
						SystemCapabilities = {
							com.apple.ApplicationGroups.iOS = {
								enabled = 1;
							};
						};
					};
					F843A39C1B1B04C2008F4505 = {
						CreatedOnToolsVersion = 6.3.2;
						DevelopmentTeam = 7XDMTA49ZT;
						SystemCapabilities = {
							com.apple.ApplicationGroups.iOS = {
								enabled = 1;
							};
						};
					};
					F843A3B41B1B04C2008F4505 = {
						CreatedOnToolsVersion = 6.3.2;
						TestTargetID = F843A39C1B1B04C2008F4505;
					};
					F872572F1B3F2D5D006CBDA8 = {
						CreatedOnToolsVersion = 6.3.2;
						DevelopmentTeam = 7XDMTA49ZT;
						SystemCapabilities = {
							com.apple.ApplicationGroups.iOS = {
								enabled = 1;
							};
						};
					};
					F87257391B3F2D5E006CBDA8 = {
						CreatedOnToolsVersion = 6.3.2;
						DevelopmentTeam = 7XDMTA49ZT;
					};
				};
			};
			buildConfigurationList = F843A3981B1B04C2008F4505 /* Build configuration list for PBXProject "Tajma" */;
			compatibilityVersion = "Xcode 3.2";
			developmentRegion = English;
			hasScannedForEncodings = 0;
			knownRegions = (
				en,
				Base,
			);
			mainGroup = F843A3941B1B04C2008F4505;
			productRefGroup = F843A39E1B1B04C2008F4505 /* Products */;
			projectDirPath = "";
			projectRoot = "";
			targets = (
				F843A39C1B1B04C2008F4505 /* Tajma */,
				F843A3B41B1B04C2008F4505 /* TajmaTests */,
				F80667551B1E5CA100A26B5D /* TajmaToday */,
				F872572F1B3F2D5D006CBDA8 /* Tajma WatchKit Extension */,
				F87257391B3F2D5E006CBDA8 /* Tajma WatchKit App */,
			);
		};
/* End PBXProject section */

/* Begin PBXResourcesBuildPhase section */
		F80667541B1E5CA100A26B5D /* Resources */ = {
			isa = PBXResourcesBuildPhase;
			buildActionMask = 2147483647;
			files = (
				F80667601B1E5CA100A26B5D /* MainInterface.storyboard in Resources */,
			);
			runOnlyForDeploymentPostprocessing = 0;
		};
		F843A39B1B1B04C2008F4505 /* Resources */ = {
			isa = PBXResourcesBuildPhase;
			buildActionMask = 2147483647;
			files = (
				F843A3AB1B1B04C2008F4505 /* Main.storyboard in Resources */,
				F843A3B01B1B04C2008F4505 /* LaunchScreen.xib in Resources */,
				F843A3AD1B1B04C2008F4505 /* Images.xcassets in Resources */,
			);
			runOnlyForDeploymentPostprocessing = 0;
		};
		F843A3B31B1B04C2008F4505 /* Resources */ = {
			isa = PBXResourcesBuildPhase;
			buildActionMask = 2147483647;
			files = (
			);
			runOnlyForDeploymentPostprocessing = 0;
		};
		F872572E1B3F2D5D006CBDA8 /* Resources */ = {
			isa = PBXResourcesBuildPhase;
			buildActionMask = 2147483647;
			files = (
				F872573B1B3F2D5E006CBDA8 /* Tajma WatchKit App.app in Resources */,
				F87257371B3F2D5E006CBDA8 /* Images.xcassets in Resources */,
			);
			runOnlyForDeploymentPostprocessing = 0;
		};
		F87257381B3F2D5E006CBDA8 /* Resources */ = {
			isa = PBXResourcesBuildPhase;
			buildActionMask = 2147483647;
			files = (
				F87257431B3F2D5E006CBDA8 /* Interface.storyboard in Resources */,
				F87257451B3F2D5E006CBDA8 /* Images.xcassets in Resources */,
			);
			runOnlyForDeploymentPostprocessing = 0;
		};
/* End PBXResourcesBuildPhase section */

/* Begin PBXSourcesBuildPhase section */
		F80667521B1E5CA100A26B5D /* Sources */ = {
			isa = PBXSourcesBuildPhase;
			buildActionMask = 2147483647;
			files = (
				F80667761B1E5D7900A26B5D /* LinesAtStop.swift in Sources */,
				F806677B1B1E5D7900A26B5D /* StopWrapper.swift in Sources */,
				F80667771B1E5D7900A26B5D /* PhoneSize.swift in Sources */,
				F806677C1B1E5D9800A26B5D /* SQLiteDB.swift in Sources */,
				F80667781B1E5D7900A26B5D /* Stop.swift in Sources */,
				F806677D1B1E5D9800A26B5D /* String-Extras.swift in Sources */,
				F81861A01B41D52A005DDA3A /* DeviceService.swift in Sources */,
				F806676D1B1E5D7200A26B5D /* RestApiService.swift in Sources */,
				F8B511691B22FA0400388866 /* UIColor.swift in Sources */,
				F806676F1B1E5D7200A26B5D /* SwiftyJSONService.swift in Sources */,
				F88F545C1B38AB3000F0D402 /* Row.swift in Sources */,
				F806676C1B1E5D7200A26B5D /* LineService.swift in Sources */,
				F80667701B1E5D7900A26B5D /* Departure.swift in Sources */,
				F80667791B1E5D7900A26B5D /* StopLine.swift in Sources */,
				F80667731B1E5D7900A26B5D /* CheckBox.swift in Sources */,
				F80667711B1E5D7900A26B5D /* LineAtStopToday.swift in Sources */,
				F806677A1B1E5D7900A26B5D /* LineWrapper.swift in Sources */,
				F80667741B1E5D7900A26B5D /* Global.swift in Sources */,
				F806676E1B1E5D7200A26B5D /* StopService.swift in Sources */,
				F80667721B1E5D7900A26B5D /* TodayLabel.swift in Sources */,
				F87B99941B24CF0C0082A541 /* DeviceCheckera.swift in Sources */,
				F80667751B1E5D7900A26B5D /* Line.swift in Sources */,
				F806675E1B1E5CA100A26B5D /* TodayViewController.swift in Sources */,
				F806676B1B1E5D7200A26B5D /* DBService.swift in Sources */,
				F806677F1B1E5DC600A26B5D /* DepartureService.swift in Sources */,
			);
			runOnlyForDeploymentPostprocessing = 0;
		};
		F843A3991B1B04C2008F4505 /* Sources */ = {
			isa = PBXSourcesBuildPhase;
			buildActionMask = 2147483647;
			files = (
				F843A3A81B1B04C2008F4505 /* ViewController.swift in Sources */,
				F87AFE851B1B903F00D3DAFC /* Stop.swift in Sources */,
				F87AFE741B1B902400D3DAFC /* LineAtStopToday.swift in Sources */,
				F8E081011B35B1D000A96A45 /* Info.swift in Sources */,
				F8E080FE1B35B06000A96A45 /* DeviceCheckera.swift in Sources */,
				F818619F1B41D52A005DDA3A /* DeviceService.swift in Sources */,
				F87AFE681B1B8A0F00D3DAFC /* DBService.swift in Sources */,
				F8E080FD1B35A28E00A96A45 /* InfoViewController.swift in Sources */,
				F87AFE7F1B1B903F00D3DAFC /* CheckBox.swift in Sources */,
				F843A3A31B1B04C2008F4505 /* AppDelegate.swift in Sources */,
				F87AFE6D1B1B8FBA00D3DAFC /* SQLiteDB.swift in Sources */,
				F87AFE821B1B903F00D3DAFC /* LinesAtStop.swift in Sources */,
				F87AFE8C1B1B906400D3DAFC /* LineService.swift in Sources */,
				F87AFE6E1B1B8FBA00D3DAFC /* String-Extras.swift in Sources */,
				F87AFE861B1B903F00D3DAFC /* StopLine.swift in Sources */,
				F87AFE8F1B1B906400D3DAFC /* SwiftyJSONService.swift in Sources */,
				F87AFE811B1B903F00D3DAFC /* Line.swift in Sources */,
				F80667511B1D157C00A26B5D /* UIColor.swift in Sources */,
				F87AFE751B1B902400D3DAFC /* TodayLabel.swift in Sources */,
				F88F545D1B38AE5E00F0D402 /* Row.swift in Sources */,
				F87AFE801B1B903F00D3DAFC /* Global.swift in Sources */,
				F87AFE8D1B1B906400D3DAFC /* RestApiService.swift in Sources */,
				F87AFE961B1BB2F100D3DAFC /* LineWrapper.swift in Sources */,
				F843A3C61B1B066B008F4505 /* LinesViewController.swift in Sources */,
				F87AFE971B1BB2F100D3DAFC /* StopWrapper.swift in Sources */,
				F87AFE731B1B902400D3DAFC /* Departure.swift in Sources */,
				F87AFE8E1B1B906400D3DAFC /* StopService.swift in Sources */,
				F843A3A61B1B04C2008F4505 /* Tajma.xcdatamodeld in Sources */,
				F87AFE841B1B903F00D3DAFC /* PhoneSize.swift in Sources */,
			);
			runOnlyForDeploymentPostprocessing = 0;
		};
		F843A3B11B1B04C2008F4505 /* Sources */ = {
			isa = PBXSourcesBuildPhase;
			buildActionMask = 2147483647;
			files = (
				F843A3BC1B1B04C2008F4505 /* TajmaTests.swift in Sources */,
			);
			runOnlyForDeploymentPostprocessing = 0;
		};
		F872572C1B3F2D5D006CBDA8 /* Sources */ = {
			isa = PBXSourcesBuildPhase;
			buildActionMask = 2147483647;
			files = (
				F872576C1B3F3391006CBDA8 /* DataRowController.swift in Sources */,
				F87257591B3F2E21006CBDA8 /* Global.swift in Sources */,
				F872575F1B3F2E21006CBDA8 /* StopLine.swift in Sources */,
				F8F6E0AD1B3F410B005CCEBF /* DeviceCheckera.swift in Sources */,
				F872575E1B3F2E21006CBDA8 /* PhoneSize.swift in Sources */,
				F87257641B3F2E2D006CBDA8 /* RestApiService.swift in Sources */,
				F81861A11B41D52A005DDA3A /* DeviceService.swift in Sources */,
				F87257541B3F2E08006CBDA8 /* SQLiteDB.swift in Sources */,
				F87257601B3F2E21006CBDA8 /* StopWrapper.swift in Sources */,
				F87257551B3F2E08006CBDA8 /* String-Extras.swift in Sources */,
				F87257661B3F2E2D006CBDA8 /* SwiftyJSONService.swift in Sources */,
				F87257651B3F2E2D006CBDA8 /* StopService.swift in Sources */,
				F87257571B3F2E21006CBDA8 /* CheckBox.swift in Sources */,
				F87257581B3F2E21006CBDA8 /* Departure.swift in Sources */,
				F872575D1B3F2E21006CBDA8 /* LineWrapper.swift in Sources */,
				F872575C1B3F2E21006CBDA8 /* LinesAtStop.swift in Sources */,
				F87257561B3F2E19006CBDA8 /* Stop.swift in Sources */,
				F872575B1B3F2E21006CBDA8 /* LineAtStopToday.swift in Sources */,
				F87257611B3F2E21006CBDA8 /* TodayLabel.swift in Sources */,
				F872575A1B3F2E21006CBDA8 /* Line.swift in Sources */,
				F872576A1B3F3198006CBDA8 /* Row.swift in Sources */,
				F8F6E0AC1B3F410B005CCEBF /* UIColor.swift in Sources */,
				F87257621B3F2E2D006CBDA8 /* DepartureService.swift in Sources */,
				F87257631B3F2E2D006CBDA8 /* LineService.swift in Sources */,
				F87257351B3F2D5E006CBDA8 /* InterfaceController.swift in Sources */,
				F87257531B3F2DEE006CBDA8 /* DBService.swift in Sources */,
				F87257691B3F3198006CBDA8 /* Info.swift in Sources */,
			);
			runOnlyForDeploymentPostprocessing = 0;
		};
/* End PBXSourcesBuildPhase section */

/* Begin PBXTargetDependency section */
		F80667621B1E5CA100A26B5D /* PBXTargetDependency */ = {
			isa = PBXTargetDependency;
			target = F80667551B1E5CA100A26B5D /* TajmaToday */;
			targetProxy = F80667611B1E5CA100A26B5D /* PBXContainerItemProxy */;
		};
		F843A3B71B1B04C2008F4505 /* PBXTargetDependency */ = {
			isa = PBXTargetDependency;
			target = F843A39C1B1B04C2008F4505 /* Tajma */;
			targetProxy = F843A3B61B1B04C2008F4505 /* PBXContainerItemProxy */;
		};
		F872573D1B3F2D5E006CBDA8 /* PBXTargetDependency */ = {
			isa = PBXTargetDependency;
			target = F87257391B3F2D5E006CBDA8 /* Tajma WatchKit App */;
			targetProxy = F872573C1B3F2D5E006CBDA8 /* PBXContainerItemProxy */;
		};
		F87257471B3F2D5E006CBDA8 /* PBXTargetDependency */ = {
			isa = PBXTargetDependency;
			target = F872572F1B3F2D5D006CBDA8 /* Tajma WatchKit Extension */;
			targetProxy = F87257461B3F2D5E006CBDA8 /* PBXContainerItemProxy */;
		};
/* End PBXTargetDependency section */

/* Begin PBXVariantGroup section */
		F843A3A91B1B04C2008F4505 /* Main.storyboard */ = {
			isa = PBXVariantGroup;
			children = (
				F843A3AA1B1B04C2008F4505 /* Base */,
			);
			name = Main.storyboard;
			sourceTree = "<group>";
		};
		F843A3AE1B1B04C2008F4505 /* LaunchScreen.xib */ = {
			isa = PBXVariantGroup;
			children = (
				F843A3AF1B1B04C2008F4505 /* Base */,
			);
			name = LaunchScreen.xib;
			sourceTree = "<group>";
		};
		F87257411B3F2D5E006CBDA8 /* Interface.storyboard */ = {
			isa = PBXVariantGroup;
			children = (
				F87257421B3F2D5E006CBDA8 /* Base */,
			);
			name = Interface.storyboard;
			sourceTree = "<group>";
		};
/* End PBXVariantGroup section */

/* Begin XCBuildConfiguration section */
		F80667651B1E5CA100A26B5D /* Debug */ = {
			isa = XCBuildConfiguration;
			buildSettings = {
				CODE_SIGN_ENTITLEMENTS = Tajma/Tajma.entitlements;
				CODE_SIGN_IDENTITY = "iPhone Developer";
				"CODE_SIGN_IDENTITY[sdk=iphoneos*]" = "iPhone Developer";
				GCC_PREPROCESSOR_DEFINITIONS = (
					"DEBUG=1",
					"$(inherited)",
				);
				INFOPLIST_FILE = TajmaToday/Info.plist;
				LD_RUNPATH_SEARCH_PATHS = "$(inherited) @executable_path/Frameworks @executable_path/../../Frameworks";
				PRODUCT_NAME = TajmaToday;
				PROVISIONING_PROFILE = "";
				SKIP_INSTALL = YES;
				SWIFT_OBJC_BRIDGING_HEADER = "TajmaToday/Bridging-Header.h";
			};
			name = Debug;
		};
		F80667661B1E5CA100A26B5D /* Release */ = {
			isa = XCBuildConfiguration;
			buildSettings = {
				CODE_SIGN_ENTITLEMENTS = Tajma/Tajma.entitlements;
				CODE_SIGN_IDENTITY = "iPhone Developer";
				"CODE_SIGN_IDENTITY[sdk=iphoneos*]" = "iPhone Developer";
				INFOPLIST_FILE = TajmaToday/Info.plist;
				LD_RUNPATH_SEARCH_PATHS = "$(inherited) @executable_path/Frameworks @executable_path/../../Frameworks";
				PRODUCT_NAME = TajmaToday;
				PROVISIONING_PROFILE = "";
				SKIP_INSTALL = YES;
				SWIFT_OBJC_BRIDGING_HEADER = "TajmaToday/Bridging-Header.h";
			};
			name = Release;
		};
		F843A3BD1B1B04C2008F4505 /* Debug */ = {
			isa = XCBuildConfiguration;
			buildSettings = {
				"ADDITIONAL_SDKS[arch=*]" = "";
				ALWAYS_SEARCH_USER_PATHS = NO;
				CLANG_CXX_LANGUAGE_STANDARD = "gnu++0x";
				CLANG_CXX_LIBRARY = "libc++";
				CLANG_ENABLE_MODULES = YES;
				CLANG_ENABLE_OBJC_ARC = YES;
				CLANG_WARN_BOOL_CONVERSION = YES;
				CLANG_WARN_CONSTANT_CONVERSION = YES;
				CLANG_WARN_DIRECT_OBJC_ISA_USAGE = YES_ERROR;
				CLANG_WARN_EMPTY_BODY = YES;
				CLANG_WARN_ENUM_CONVERSION = YES;
				CLANG_WARN_INT_CONVERSION = YES;
				CLANG_WARN_OBJC_ROOT_CLASS = YES_ERROR;
				CLANG_WARN_UNREACHABLE_CODE = YES;
				CLANG_WARN__DUPLICATE_METHOD_MATCH = YES;
				"CODE_SIGN_IDENTITY[sdk=iphoneos*]" = "iPhone Developer";
				COPY_PHASE_STRIP = NO;
				DEBUG_INFORMATION_FORMAT = "dwarf-with-dsym";
				ENABLE_STRICT_OBJC_MSGSEND = YES;
				GCC_C_LANGUAGE_STANDARD = gnu99;
				GCC_DYNAMIC_NO_PIC = NO;
				GCC_NO_COMMON_BLOCKS = YES;
				GCC_OPTIMIZATION_LEVEL = 0;
				GCC_PREPROCESSOR_DEFINITIONS = (
					"DEBUG=1",
					"$(inherited)",
				);
				GCC_SYMBOLS_PRIVATE_EXTERN = NO;
				GCC_WARN_64_TO_32_BIT_CONVERSION = YES;
				GCC_WARN_ABOUT_RETURN_TYPE = YES_ERROR;
				GCC_WARN_UNDECLARED_SELECTOR = YES;
				GCC_WARN_UNINITIALIZED_AUTOS = YES_AGGRESSIVE;
				GCC_WARN_UNUSED_FUNCTION = YES;
				GCC_WARN_UNUSED_VARIABLE = YES;
				IPHONEOS_DEPLOYMENT_TARGET = 8.3;
				MTL_ENABLE_DEBUG_INFO = YES;
				ONLY_ACTIVE_ARCH = YES;
				SDKROOT = iphoneos;
				SWIFT_OPTIMIZATION_LEVEL = "-Onone";
			};
			name = Debug;
		};
		F843A3BE1B1B04C2008F4505 /* Release */ = {
			isa = XCBuildConfiguration;
			buildSettings = {
				ALWAYS_SEARCH_USER_PATHS = NO;
				CLANG_CXX_LANGUAGE_STANDARD = "gnu++0x";
				CLANG_CXX_LIBRARY = "libc++";
				CLANG_ENABLE_MODULES = YES;
				CLANG_ENABLE_OBJC_ARC = YES;
				CLANG_WARN_BOOL_CONVERSION = YES;
				CLANG_WARN_CONSTANT_CONVERSION = YES;
				CLANG_WARN_DIRECT_OBJC_ISA_USAGE = YES_ERROR;
				CLANG_WARN_EMPTY_BODY = YES;
				CLANG_WARN_ENUM_CONVERSION = YES;
				CLANG_WARN_INT_CONVERSION = YES;
				CLANG_WARN_OBJC_ROOT_CLASS = YES_ERROR;
				CLANG_WARN_UNREACHABLE_CODE = YES;
				CLANG_WARN__DUPLICATE_METHOD_MATCH = YES;
				"CODE_SIGN_IDENTITY[sdk=iphoneos*]" = "iPhone Developer";
				COPY_PHASE_STRIP = NO;
				DEBUG_INFORMATION_FORMAT = "dwarf-with-dsym";
				ENABLE_NS_ASSERTIONS = NO;
				ENABLE_STRICT_OBJC_MSGSEND = YES;
				GCC_C_LANGUAGE_STANDARD = gnu99;
				GCC_NO_COMMON_BLOCKS = YES;
				GCC_WARN_64_TO_32_BIT_CONVERSION = YES;
				GCC_WARN_ABOUT_RETURN_TYPE = YES_ERROR;
				GCC_WARN_UNDECLARED_SELECTOR = YES;
				GCC_WARN_UNINITIALIZED_AUTOS = YES_AGGRESSIVE;
				GCC_WARN_UNUSED_FUNCTION = YES;
				GCC_WARN_UNUSED_VARIABLE = YES;
				IPHONEOS_DEPLOYMENT_TARGET = 8.3;
				MTL_ENABLE_DEBUG_INFO = NO;
				SDKROOT = iphoneos;
				VALIDATE_PRODUCT = YES;
			};
			name = Release;
		};
		F843A3C01B1B04C2008F4505 /* Debug */ = {
			isa = XCBuildConfiguration;
			buildSettings = {
				ASSETCATALOG_COMPILER_APPICON_NAME = AppIcon;
				ASSETCATALOG_COMPILER_LAUNCHIMAGE_NAME = LaunchImage;
				CODE_SIGN_ENTITLEMENTS = Tajma/Tajma.entitlements;
				CODE_SIGN_IDENTITY = "iPhone Developer";
				"CODE_SIGN_IDENTITY[sdk=iphoneos*]" = "iPhone Developer";
				INFOPLIST_FILE = Tajma/Info.plist;
				LD_RUNPATH_SEARCH_PATHS = "$(inherited) @executable_path/Frameworks";
				PRODUCT_NAME = "$(TARGET_NAME)";
				PROVISIONING_PROFILE = "";
				SWIFT_OBJC_BRIDGING_HEADER = "Tajma/Bridging-Header.h";
			};
			name = Debug;
		};
		F843A3C11B1B04C2008F4505 /* Release */ = {
			isa = XCBuildConfiguration;
			buildSettings = {
				ASSETCATALOG_COMPILER_APPICON_NAME = AppIcon;
				ASSETCATALOG_COMPILER_LAUNCHIMAGE_NAME = LaunchImage;
				CODE_SIGN_ENTITLEMENTS = Tajma/Tajma.entitlements;
				CODE_SIGN_IDENTITY = "iPhone Developer";
				"CODE_SIGN_IDENTITY[sdk=iphoneos*]" = "iPhone Developer";
				INFOPLIST_FILE = Tajma/Info.plist;
				LD_RUNPATH_SEARCH_PATHS = "$(inherited) @executable_path/Frameworks";
				PRODUCT_NAME = "$(TARGET_NAME)";
				PROVISIONING_PROFILE = "";
				SWIFT_OBJC_BRIDGING_HEADER = "Tajma/Bridging-Header.h";
			};
			name = Release;
		};
		F843A3C31B1B04C2008F4505 /* Debug */ = {
			isa = XCBuildConfiguration;
			buildSettings = {
				BUNDLE_LOADER = "$(TEST_HOST)";
				FRAMEWORK_SEARCH_PATHS = (
					"$(SDKROOT)/Developer/Library/Frameworks",
					"$(inherited)",
				);
				GCC_PREPROCESSOR_DEFINITIONS = (
					"DEBUG=1",
					"$(inherited)",
				);
				INFOPLIST_FILE = TajmaTests/Info.plist;
				LD_RUNPATH_SEARCH_PATHS = "$(inherited) @executable_path/Frameworks @loader_path/Frameworks";
				PRODUCT_NAME = "$(TARGET_NAME)";
				TEST_HOST = "$(BUILT_PRODUCTS_DIR)/Tajma.app/Tajma";
			};
			name = Debug;
		};
		F843A3C41B1B04C2008F4505 /* Release */ = {
			isa = XCBuildConfiguration;
			buildSettings = {
				BUNDLE_LOADER = "$(TEST_HOST)";
				FRAMEWORK_SEARCH_PATHS = (
					"$(SDKROOT)/Developer/Library/Frameworks",
					"$(inherited)",
				);
				INFOPLIST_FILE = TajmaTests/Info.plist;
				LD_RUNPATH_SEARCH_PATHS = "$(inherited) @executable_path/Frameworks @loader_path/Frameworks";
				PRODUCT_NAME = "$(TARGET_NAME)";
				TEST_HOST = "$(BUILT_PRODUCTS_DIR)/Tajma.app/Tajma";
			};
			name = Release;
		};
		F87257491B3F2D5E006CBDA8 /* Debug */ = {
			isa = XCBuildConfiguration;
			buildSettings = {
				CODE_SIGN_ENTITLEMENTS = "Tajma WatchKit Extension/Tajma WatchKit Extension.entitlements";
				CODE_SIGN_IDENTITY = "iPhone Developer";
				"CODE_SIGN_IDENTITY[sdk=iphoneos*]" = "iPhone Developer";
				GCC_PREPROCESSOR_DEFINITIONS = (
					"DEBUG=1",
					"$(inherited)",
				);
				INFOPLIST_FILE = "Tajma WatchKit Extension/Info.plist";
				LD_RUNPATH_SEARCH_PATHS = "$(inherited) @executable_path/Frameworks @executable_path/../../Frameworks";
				PRODUCT_NAME = "${TARGET_NAME}";
				PROVISIONING_PROFILE = "";
				SKIP_INSTALL = YES;
				SWIFT_OBJC_BRIDGING_HEADER = "Tajma WatchKit Extension/Bridging-Header.h";
			};
			name = Debug;
		};
		F872574A1B3F2D5E006CBDA8 /* Release */ = {
			isa = XCBuildConfiguration;
			buildSettings = {
				CODE_SIGN_ENTITLEMENTS = "Tajma WatchKit Extension/Tajma WatchKit Extension.entitlements";
				CODE_SIGN_IDENTITY = "iPhone Developer";
				"CODE_SIGN_IDENTITY[sdk=iphoneos*]" = "iPhone Developer";
				INFOPLIST_FILE = "Tajma WatchKit Extension/Info.plist";
				LD_RUNPATH_SEARCH_PATHS = "$(inherited) @executable_path/Frameworks @executable_path/../../Frameworks";
				PRODUCT_NAME = "${TARGET_NAME}";
				PROVISIONING_PROFILE = "";
				SKIP_INSTALL = YES;
				SWIFT_OBJC_BRIDGING_HEADER = "Tajma WatchKit Extension/Bridging-Header.h";
			};
			name = Release;
		};
		F872574B1B3F2D5E006CBDA8 /* Debug */ = {
			isa = XCBuildConfiguration;
			buildSettings = {
				ASSETCATALOG_COMPILER_APPICON_NAME = AppIcon;
				CODE_SIGN_IDENTITY = "iPhone Developer";
				"CODE_SIGN_IDENTITY[sdk=iphoneos*]" = "iPhone Developer";
				GCC_PREPROCESSOR_DEFINITIONS = (
					"DEBUG=1",
					"$(inherited)",
				);
				IBSC_MODULE = Tajma_WatchKit_Extension;
				INFOPLIST_FILE = "Tajma WatchKit App/Info.plist";
				IPHONEOS_DEPLOYMENT_TARGET = 8.2;
				PRODUCT_NAME = "$(TARGET_NAME)";
				PROVISIONING_PROFILE = "";
				SKIP_INSTALL = YES;
				TARGETED_DEVICE_FAMILY = 4;
				"TARGETED_DEVICE_FAMILY[sdk=iphonesimulator*]" = "1,4";
			};
			name = Debug;
		};
		F872574C1B3F2D5E006CBDA8 /* Release */ = {
			isa = XCBuildConfiguration;
			buildSettings = {
				ASSETCATALOG_COMPILER_APPICON_NAME = AppIcon;
				CODE_SIGN_IDENTITY = "iPhone Developer";
				"CODE_SIGN_IDENTITY[sdk=iphoneos*]" = "iPhone Developer";
				IBSC_MODULE = Tajma_WatchKit_Extension;
				INFOPLIST_FILE = "Tajma WatchKit App/Info.plist";
				IPHONEOS_DEPLOYMENT_TARGET = 8.2;
				PRODUCT_NAME = "$(TARGET_NAME)";
				PROVISIONING_PROFILE = "";
				SKIP_INSTALL = YES;
				TARGETED_DEVICE_FAMILY = 4;
				"TARGETED_DEVICE_FAMILY[sdk=iphonesimulator*]" = "1,4";
			};
			name = Release;
		};
/* End XCBuildConfiguration section */

/* Begin XCConfigurationList section */
		F80667641B1E5CA100A26B5D /* Build configuration list for PBXNativeTarget "TajmaToday" */ = {
			isa = XCConfigurationList;
			buildConfigurations = (
				F80667651B1E5CA100A26B5D /* Debug */,
				F80667661B1E5CA100A26B5D /* Release */,
			);
			defaultConfigurationIsVisible = 0;
			defaultConfigurationName = Release;
		};
		F843A3981B1B04C2008F4505 /* Build configuration list for PBXProject "Tajma" */ = {
			isa = XCConfigurationList;
			buildConfigurations = (
				F843A3BD1B1B04C2008F4505 /* Debug */,
				F843A3BE1B1B04C2008F4505 /* Release */,
			);
			defaultConfigurationIsVisible = 0;
			defaultConfigurationName = Release;
		};
		F843A3BF1B1B04C2008F4505 /* Build configuration list for PBXNativeTarget "Tajma" */ = {
			isa = XCConfigurationList;
			buildConfigurations = (
				F843A3C01B1B04C2008F4505 /* Debug */,
				F843A3C11B1B04C2008F4505 /* Release */,
			);
			defaultConfigurationIsVisible = 0;
			defaultConfigurationName = Release;
		};
		F843A3C21B1B04C2008F4505 /* Build configuration list for PBXNativeTarget "TajmaTests" */ = {
			isa = XCConfigurationList;
			buildConfigurations = (
				F843A3C31B1B04C2008F4505 /* Debug */,
				F843A3C41B1B04C2008F4505 /* Release */,
			);
			defaultConfigurationIsVisible = 0;
			defaultConfigurationName = Release;
		};
		F872574D1B3F2D5E006CBDA8 /* Build configuration list for PBXNativeTarget "Tajma WatchKit App" */ = {
			isa = XCConfigurationList;
			buildConfigurations = (
				F872574B1B3F2D5E006CBDA8 /* Debug */,
				F872574C1B3F2D5E006CBDA8 /* Release */,
			);
			defaultConfigurationIsVisible = 0;
			defaultConfigurationName = Release;
		};
		F872574E1B3F2D5E006CBDA8 /* Build configuration list for PBXNativeTarget "Tajma WatchKit Extension" */ = {
			isa = XCConfigurationList;
			buildConfigurations = (
				F87257491B3F2D5E006CBDA8 /* Debug */,
				F872574A1B3F2D5E006CBDA8 /* Release */,
			);
			defaultConfigurationIsVisible = 0;
			defaultConfigurationName = Release;
		};
/* End XCConfigurationList section */

/* Begin XCVersionGroup section */
		F843A3A41B1B04C2008F4505 /* Tajma.xcdatamodeld */ = {
			isa = XCVersionGroup;
			children = (
				F843A3A51B1B04C2008F4505 /* Tajma.xcdatamodel */,
			);
			currentVersion = F843A3A51B1B04C2008F4505 /* Tajma.xcdatamodel */;
			path = Tajma.xcdatamodeld;
			sourceTree = "<group>";
			versionGroupType = wrapper.xcdatamodel;
		};
/* End XCVersionGroup section */
	};
	rootObject = F843A3951B1B04C2008F4505 /* Project object */;
}
