<?xml version="1.0" encoding="UTF-8"?>
<Scheme
   LastUpgradeVersion = "0700"
   version = "1.3">
   <BuildAction
      parallelizeBuildables = "YES"
      buildImplicitDependencies = "YES">
      <BuildActionEntries>
         <BuildActionEntry
            buildForTesting = "YES"
            buildForRunning = "YES"
            buildForProfiling = "YES"
            buildForArchiving = "YES"
            buildForAnalyzing = "YES">
            <BuildableReference
               BuildableIdentifier = "primary"
               BlueprintIdentifier = "F87257391B3F2D5E006CBDA8"
               BuildableName = "Tajma WatchKit App.app"
               BlueprintName = "Tajma WatchKit App"
               ReferencedContainer = "container:Tajma.xcodeproj">
            </BuildableReference>
         </BuildActionEntry>
         <BuildActionEntry
            buildForTesting = "YES"
            buildForRunning = "YES"
            buildForProfiling = "YES"
            buildForArchiving = "YES"
            buildForAnalyzing = "YES">
            <BuildableReference
               BuildableIdentifier = "primary"
               BlueprintIdentifier = "F843A39C1B1B04C2008F4505"
               BuildableName = "Tajma.app"
               BlueprintName = "Tajma"
               ReferencedContainer = "container:Tajma.xcodeproj">
            </BuildableReference>
         </BuildActionEntry>
         <BuildActionEntry
            buildForTesting = "YES"
            buildForRunning = "YES"
            buildForProfiling = "YES"
            buildForArchiving = "YES"
            buildForAnalyzing = "YES">
            <BuildableReference
               BuildableIdentifier = "primary"
               BlueprintIdentifier = "F872572F1B3F2D5D006CBDA8"
               BuildableName = "Tajma WatchKit Extension.appex"
               BlueprintName = "Tajma WatchKit Extension"
               ReferencedContainer = "container:Tajma.xcodeproj">
            </BuildableReference>
         </BuildActionEntry>
      </BuildActionEntries>
   </BuildAction>
   <TestAction
      buildConfiguration = "Debug"
      selectedDebuggerIdentifier = "Xcode.DebuggerFoundation.Debugger.LLDB"
      selectedLauncherIdentifier = "Xcode.DebuggerFoundation.Launcher.LLDB"
      shouldUseLaunchSchemeArgsEnv = "YES">
      <Testables>
      </Testables>
      <MacroExpansion>
         <BuildableReference
            BuildableIdentifier = "primary"
            BlueprintIdentifier = "F87257391B3F2D5E006CBDA8"
            BuildableName = "Tajma WatchKit App.app"
            BlueprintName = "Tajma WatchKit App"
            ReferencedContainer = "container:Tajma.xcodeproj">
         </BuildableReference>
      </MacroExpansion>
      <AdditionalOptions>
      </AdditionalOptions>
   </TestAction>
   <LaunchAction
      buildConfiguration = "Debug"
      selectedDebuggerIdentifier = "Xcode.DebuggerFoundation.Debugger.LLDB"
      selectedLauncherIdentifier = "Xcode.DebuggerFoundation.Launcher.LLDB"
      launchStyle = "0"
      useCustomWorkingDirectory = "NO"
      ignoresPersistentStateOnLaunch = "NO"
      debugDocumentVersioning = "YES"
      debugServiceExtension = "internal"
      allowLocationSimulation = "YES">
      <RemoteRunnable
         runnableDebuggingMode = "2"
         BundleIdentifier = "com.apple.carousel"
         RemotePath = "/Tajma">
         <BuildableReference
            BuildableIdentifier = "primary"
            BlueprintIdentifier = "F87257391B3F2D5E006CBDA8"
            BuildableName = "Tajma WatchKit App.app"
            BlueprintName = "Tajma WatchKit App"
            ReferencedContainer = "container:Tajma.xcodeproj">
         </BuildableReference>
      </RemoteRunnable>
      <MacroExpansion>
         <BuildableReference
            BuildableIdentifier = "primary"
            BlueprintIdentifier = "F87257391B3F2D5E006CBDA8"
            BuildableName = "Tajma WatchKit App.app"
            BlueprintName = "Tajma WatchKit App"
            ReferencedContainer = "container:Tajma.xcodeproj">
         </BuildableReference>
      </MacroExpansion>
      <AdditionalOptions>
      </AdditionalOptions>
   </LaunchAction>
   <ProfileAction
      buildConfiguration = "Release"
      shouldUseLaunchSchemeArgsEnv = "YES"
      savedToolIdentifier = ""
      useCustomWorkingDirectory = "NO"
      debugDocumentVersioning = "YES">
      <RemoteRunnable
         runnableDebuggingMode = "2"
         BundleIdentifier = "com.apple.springboard"
         RemotePath = "/Tajma">
         <BuildableReference
            BuildableIdentifier = "primary"
            BlueprintIdentifier = "F87257391B3F2D5E006CBDA8"
            BuildableName = "Tajma WatchKit App.app"
            BlueprintName = "Tajma WatchKit App"
            ReferencedContainer = "container:Tajma.xcodeproj">
         </BuildableReference>
      </RemoteRunnable>
      <MacroExpansion>
         <BuildableReference
            BuildableIdentifier = "primary"
            BlueprintIdentifier = "F87257391B3F2D5E006CBDA8"
            BuildableName = "Tajma WatchKit App.app"
            BlueprintName = "Tajma WatchKit App"
            ReferencedContainer = "container:Tajma.xcodeproj">
         </BuildableReference>
      </MacroExpansion>
   </ProfileAction>
   <AnalyzeAction
      buildConfiguration = "Debug">
   </AnalyzeAction>
   <ArchiveAction
      buildConfiguration = "Release"
      revealArchiveInOrganizer = "YES">
   </ArchiveAction>
</Scheme>
